// !$*UTF8*$!
{
	archiveVersion = 1;
	classes = {
	};
	objectVersion = 77;
	objects = {

/* Begin PBXBuildFile section */
		02D2A87C1E28F78EECABD222 /* CountingDerivationPanelView.swift in Sources */ = {isa = PBXBuildFile; fileRef = 1EAF1C5E760E18038C6E53F6 /* CountingDerivationPanelView.swift */; };
		159D16051FA8E2923FE9CC84 /* MainTabView.swift in Sources */ = {isa = PBXBuildFile; fileRef = 343B20563EE55E5FA28C5DC2 /* MainTabView.swift */; };
		1ACE4018BEAFDD1F5CF0481E /* Task.swift in Sources */ = {isa = PBXBuildFile; fileRef = 149C3CA55D0467096B13D935 /* Task.swift */; };
		27AB929BF4B52E411F6EFA6C /* BoardListView.swift in Sources */ = {isa = PBXBuildFile; fileRef = 5A9B48D659A3517CCA341637 /* BoardListView.swift */; };
		2C57FCF2046E9E59665819C0 /* BoardListItemView.swift in Sources */ = {isa = PBXBuildFile; fileRef = FA434E50844910E99B885B94 /* BoardListItemView.swift */; };
		2EF19E402C1B931693900274 /* GRDB in Frameworks */ = {isa = PBXBuildFile; productRef = FB60A2471061045431151B6B /* GRDB */; };
		2FAB51431A166B7B1C77EB21 /* BoardLifecyclePlayground.swift in Sources */ = {isa = PBXBuildFile; fileRef = 08DB8020760BCFB03F39C5AD /* BoardLifecyclePlayground.swift */; };
		37624F99D990B4337BC5C84F /* OYBCApp.swift in Sources */ = {isa = PBXBuildFile; fileRef = C9AA2CED78BAF3773BDB4359 /* OYBCApp.swift */; };
		385DD3AF707F8A87CB285762 /* BingoBoard.swift in Sources */ = {isa = PBXBuildFile; fileRef = 49E7346F9B1FE13C5A6C2E1E /* BingoBoard.swift */; };
		3C42ABF9B38079BEB9105DC2 /* UnifiedTaskCreatorPlayground.swift in Sources */ = {isa = PBXBuildFile; fileRef = DD08A8AFE2E5BD265E813DC4 /* UnifiedTaskCreatorPlayground.swift */; };
		3D1E96D35DF0BF6B1DE02EB4 /* Schema.sql in Resources */ = {isa = PBXBuildFile; fileRef = B70713D5FB25DE3392CD3CEE /* Schema.sql */; };
		3EC35293B2C1A69FB060892D /* BoardPlayView.swift in Sources */ = {isa = PBXBuildFile; fileRef = 6DEA8E9D24B3205D81595221 /* BoardPlayView.swift */; };
		40223EBA0D9B7B25CCB1931A /* PlaygroundUtils.swift in Sources */ = {isa = PBXBuildFile; fileRef = 52DCD0346F7F3A37DB243153 /* PlaygroundUtils.swift */; };
		4B2B6ED94B59B66095A2A7F4 /* ContentView.swift in Sources */ = {isa = PBXBuildFile; fileRef = 4ADD7157FF545AFEC6EF9588 /* ContentView.swift */; };
		4C1404F4AF8D7B699FF5DC50 /* BoardGeneratorPlayground.swift in Sources */ = {isa = PBXBuildFile; fileRef = 5A4A008E558F76153F461B0B /* BoardGeneratorPlayground.swift */; };
		4CE4469DBCB98384521C8165 /* FilterTabsView.swift in Sources */ = {isa = PBXBuildFile; fileRef = 5D6F0E5CF170B026EF76D520 /* FilterTabsView.swift */; };
		50CA8B52D842362E4702E526 /* BoardPreferencesView.swift in Sources */ = {isa = PBXBuildFile; fileRef = A0CF50310EFCCFABC8B74CF4 /* BoardPreferencesView.swift */; };
		51870B5D912C9DEF088A30A7 /* GoogleSignInSwift in Frameworks */ = {isa = PBXBuildFile; productRef = EDD4468E4592EA5DCFBBE66A /* GoogleSignInSwift */; };
		5980D09CC9D150A4D3BF0CD1 /* CounterStepperView.swift in Sources */ = {isa = PBXBuildFile; fileRef = 5E3E716EE694B3552051ECF6 /* CounterStepperView.swift */; };
		5B042ED7D73C5722CE174C3E /* CreateView.swift in Sources */ = {isa = PBXBuildFile; fileRef = 324A3D1A89D8FA53C3B37969 /* CreateView.swift */; };
		5BBF160330B3C5EBABCE096B /* CenterSquare.swift in Sources */ = {isa = PBXBuildFile; fileRef = 4F879A103A0FE383E497F464 /* CenterSquare.swift */; };
		5C2D41E4AAD6F8F30FAF9B67 /* OYBCTests.swift in Sources */ = {isa = PBXBuildFile; fileRef = 2822E1DBF15699974C2F70C5 /* OYBCTests.swift */; };
		619A5E4D57F256C847CC9A50 /* SyncQueue.swift in Sources */ = {isa = PBXBuildFile; fileRef = 0436CC51A477FF70932A9546 /* SyncQueue.swift */; };
		62B6681E15366A8DFDF4BD91 /* ProgressDerivationPanelView.swift in Sources */ = {isa = PBXBuildFile; fileRef = 18B60E3F0ADD35659E672AC1 /* ProgressDerivationPanelView.swift */; };
		64BCFBAA10D300F11C77EF1E /* FirebaseFirestore in Frameworks */ = {isa = PBXBuildFile; productRef = 91A45F3247DF5222CFEC856D /* FirebaseFirestore */; };
		791DEFB79CC96B53EB75A769 /* OperatorSelectorView.swift in Sources */ = {isa = PBXBuildFile; fileRef = 16692D5EE31A40B7686E3C2E /* OperatorSelectorView.swift */; };
		79AFC76C8AE9E5A02354E0A2 /* FirebaseAuth in Frameworks */ = {isa = PBXBuildFile; productRef = C75445B6764BE3BD13B11782 /* FirebaseAuth */; };
		82482EA7C8020E1CFF28D5EC /* ProfileView.swift in Sources */ = {isa = PBXBuildFile; fileRef = A3BC179DE0E837C8B5BCD843 /* ProfileView.swift */; };
		88AC024943E462F0AF5F00B8 /* GoogleSignIn in Frameworks */ = {isa = PBXBuildFile; productRef = 63CE473C73B22D4EFDC81AED /* GoogleSignIn */; };
		8A71A65F7FD101728EDFEA0F /* AuthService.swift in Sources */ = {isa = PBXBuildFile; fileRef = 7C17DCB793B0A1C7A6A2519C /* AuthService.swift */; };
		8C0AC5F740FA4EEADB74E2FF /* CrossBoardRollupPlayground.swift in Sources */ = {isa = PBXBuildFile; fileRef = 28F87B121453F93D1A9C8372 /* CrossBoardRollupPlayground.swift */; };
		98FC1FC89C04B110DE933FFF /* DateFormatting.swift in Sources */ = {isa = PBXBuildFile; fileRef = A0CB0EA87156513D6744FDB3 /* DateFormatting.swift */; };
		9C24CDBF218203559E063F7F /* User.swift in Sources */ = {isa = PBXBuildFile; fileRef = 4B55F24D17BE0A2E4D024288 /* User.swift */; };
		9C937C2D108505180539315A /* PoolItemView.swift in Sources */ = {isa = PBXBuildFile; fileRef = 54EFEC6969DB53567791BCB1 /* PoolItemView.swift */; };
		9CFB0C8623103103E895A83D /* ProgressStepRowView.swift in Sources */ = {isa = PBXBuildFile; fileRef = A5D833627B1CDD7BE3E829AC /* ProgressStepRowView.swift */; };
		9D6C633E19038C7202F46256 /* SubtaskDerivationPlayground.swift in Sources */ = {isa = PBXBuildFile; fileRef = EA07280EAE71A1F3F97DFC4D /* SubtaskDerivationPlayground.swift */; };
		9ECE28E0A8E7C648C808CD01 /* AppDatabase.swift in Sources */ = {isa = PBXBuildFile; fileRef = 1B37DB9688050E788877CC59 /* AppDatabase.swift */; };
		9F0D8D9AA79597CE605BD66A /* Board.swift in Sources */ = {isa = PBXBuildFile; fileRef = 73F91261A5D2B914C87A9E59 /* Board.swift */; };
		A3FBDF82011C7F6ED8D3F7C5 /* PlaygroundView.swift in Sources */ = {isa = PBXBuildFile; fileRef = 032F40E3064154C5E3108AB4 /* PlaygroundView.swift */; };
		A4D761B3D3CB7A3326F7B11F /* TaskSquareActionsPlayground.swift in Sources */ = {isa = PBXBuildFile; fileRef = FA364CFC7AE1782BC3F5A635 /* TaskSquareActionsPlayground.swift */; };
		A6587A770CE6BA5A3F726513 /* BoardTask.swift in Sources */ = {isa = PBXBuildFile; fileRef = 854FEF8734BD37239F0A8462 /* BoardTask.swift */; };
		A6F3DCD9274923158442DA36 /* BingoDetection.swift in Sources */ = {isa = PBXBuildFile; fileRef = 476EB8034735B0ACC9032FA9 /* BingoDetection.swift */; };
		AD7B6745F16D74F4733FF545 /* TypeBadgeView.swift in Sources */ = {isa = PBXBuildFile; fileRef = 37AE86E7BE2C5A2C66BEB50A /* TypeBadgeView.swift */; };
		B2FCC0C6923A5FD1DD19A429 /* BingoSquare.swift in Sources */ = {isa = PBXBuildFile; fileRef = 34742747DBBD390A07DC633A /* BingoSquare.swift */; };
		B602C002BA5E808B589A6CAD /* AuthGateView.swift in Sources */ = {isa = PBXBuildFile; fileRef = 36BFCB077AA954687C6EFED5 /* AuthGateView.swift */; };
		B92DF575684C12C09A6778F0 /* CompositeTaskFormView.swift in Sources */ = {isa = PBXBuildFile; fileRef = 1C131BB0EE70184E5551EB30 /* CompositeTaskFormView.swift */; };
		BD7E816390E48BAA75582B89 /* ShuffleTests.swift in Sources */ = {isa = PBXBuildFile; fileRef = 5F3A20C9A74AF6B70C127B13 /* ShuffleTests.swift */; };
		C0A46EFF73CDF0023708C549 /* SyncService.swift in Sources */ = {isa = PBXBuildFile; fileRef = 08F0A3E6144798AD80EB9DAF /* SyncService.swift */; };
		C2C8D744E19FC1CC95F72D96 /* SelectableTaskItemView.swift in Sources */ = {isa = PBXBuildFile; fileRef = 397644A1686EEC49F1E7C294 /* SelectableTaskItemView.swift */; };
		C3B8B4FD9C30EBC428EC52E6 /* CountingStepFieldsView.swift in Sources */ = {isa = PBXBuildFile; fileRef = F6FAE48D69EF28D353EBD10A /* CountingStepFieldsView.swift */; };
		C5DAC2DD6C247A8B43C043F5 /* BoardStatusBadgeView.swift in Sources */ = {isa = PBXBuildFile; fileRef = 4B7F89E61CAB57BA23FDB94E /* BoardStatusBadgeView.swift */; };
		CD9EF03D19BE77339DC9E521 /* CompositeDerivationPanelView.swift in Sources */ = {isa = PBXBuildFile; fileRef = 089DC720A8203E55B60E786A /* CompositeDerivationPanelView.swift */; };
		D924E811AABFF1C4067A12CD /* SyncDashboardView.swift in Sources */ = {isa = PBXBuildFile; fileRef = C726409E076553C475236DC2 /* SyncDashboardView.swift */; };
		D9E60AC9E8B8D249C0AABFC9 /* BoardCreatorPanelView.swift in Sources */ = {isa = PBXBuildFile; fileRef = 09D1C385E6406EC3C9A4BEE8 /* BoardCreatorPanelView.swift */; };
		E7CBCC86ED6FE4F15EDE9917 /* ProgressCounter.swift in Sources */ = {isa = PBXBuildFile; fileRef = DBBE3843E4352198EC48EA98 /* ProgressCounter.swift */; };
		E8FAA1849B7D23A6BE8201A2 /* CompositeTask.swift in Sources */ = {isa = PBXBuildFile; fileRef = D0052BFE5116994683E79480 /* CompositeTask.swift */; };
		EB546963E080BD0C7D5EDDBD /* Shuffle.swift in Sources */ = {isa = PBXBuildFile; fileRef = 6C9306B223CFC8FBAFCBADE7 /* Shuffle.swift */; };
		F184BF3F494D793485812D9C /* BoardTaskSelectionPlayground.swift in Sources */ = {isa = PBXBuildFile; fileRef = 759C64DAC632DDA057A45E5F /* BoardTaskSelectionPlayground.swift */; };
		F520EAF2A234007AFB744072 /* InteractiveTaskSquareView.swift in Sources */ = {isa = PBXBuildFile; fileRef = F7E74B041346356A3B771F07 /* InteractiveTaskSquareView.swift */; };
		F9FB7176671700EFA81BA5F7 /* GoogleService-Info.plist in Resources */ = {isa = PBXBuildFile; fileRef = 09679BD66A6C0F577D3B4EDD /* GoogleService-Info.plist */; };
		FDD899F966D69F4B39AFE8AD /* SubtaskChipView.swift in Sources */ = {isa = PBXBuildFile; fileRef = 6AAEEFFDD3526743C95A13D7 /* SubtaskChipView.swift */; };
		FE2AA97E854569BAF2DFAE62 /* TaskTypeSelectorView.swift in Sources */ = {isa = PBXBuildFile; fileRef = DCE6F8AAD4860D11D04DF12E /* TaskTypeSelectorView.swift */; };
/* End PBXBuildFile section */

/* Begin PBXContainerItemProxy section */
		A528113FEA58D850CBC362C3 /* PBXContainerItemProxy */ = {
			isa = PBXContainerItemProxy;
			containerPortal = FBB7EE1A8E71828D0A20F5BF /* Project object */;
			proxyType = 1;
			remoteGlobalIDString = 649ED9C362239F55CE47277B;
			remoteInfo = OYBC;
		};
/* End PBXContainerItemProxy section */

/* Begin PBXFileReference section */
		032F40E3064154C5E3108AB4 /* PlaygroundView.swift */ = {isa = PBXFileReference; lastKnownFileType = sourcecode.swift; path = PlaygroundView.swift; sourceTree = "<group>"; };
		0436CC51A477FF70932A9546 /* SyncQueue.swift */ = {isa = PBXFileReference; lastKnownFileType = sourcecode.swift; path = SyncQueue.swift; sourceTree = "<group>"; };
		089DC720A8203E55B60E786A /* CompositeDerivationPanelView.swift */ = {isa = PBXFileReference; lastKnownFileType = sourcecode.swift; path = CompositeDerivationPanelView.swift; sourceTree = "<group>"; };
		08DB8020760BCFB03F39C5AD /* BoardLifecyclePlayground.swift */ = {isa = PBXFileReference; lastKnownFileType = sourcecode.swift; path = BoardLifecyclePlayground.swift; sourceTree = "<group>"; };
		08F0A3E6144798AD80EB9DAF /* SyncService.swift */ = {isa = PBXFileReference; lastKnownFileType = sourcecode.swift; path = SyncService.swift; sourceTree = "<group>"; };
		09679BD66A6C0F577D3B4EDD /* GoogleService-Info.plist */ = {isa = PBXFileReference; lastKnownFileType = text.plist; path = "GoogleService-Info.plist"; sourceTree = "<group>"; };
		09D1C385E6406EC3C9A4BEE8 /* BoardCreatorPanelView.swift */ = {isa = PBXFileReference; lastKnownFileType = sourcecode.swift; path = BoardCreatorPanelView.swift; sourceTree = "<group>"; };
		122F83127D65EB023917FFAB /* Info.plist */ = {isa = PBXFileReference; lastKnownFileType = text.plist; path = Info.plist; sourceTree = "<group>"; };
		149C3CA55D0467096B13D935 /* Task.swift */ = {isa = PBXFileReference; lastKnownFileType = sourcecode.swift; path = Task.swift; sourceTree = "<group>"; };
		16692D5EE31A40B7686E3C2E /* OperatorSelectorView.swift */ = {isa = PBXFileReference; lastKnownFileType = sourcecode.swift; path = OperatorSelectorView.swift; sourceTree = "<group>"; };
		16B24FB7FF9CEDD9A319B968 /* OYBCTests.xctest */ = {isa = PBXFileReference; includeInIndex = 0; lastKnownFileType = wrapper.cfbundle; path = OYBCTests.xctest; sourceTree = BUILT_PRODUCTS_DIR; };
		18B60E3F0ADD35659E672AC1 /* ProgressDerivationPanelView.swift */ = {isa = PBXFileReference; lastKnownFileType = sourcecode.swift; path = ProgressDerivationPanelView.swift; sourceTree = "<group>"; };
		1B37DB9688050E788877CC59 /* AppDatabase.swift */ = {isa = PBXFileReference; lastKnownFileType = sourcecode.swift; path = AppDatabase.swift; sourceTree = "<group>"; };
		1C131BB0EE70184E5551EB30 /* CompositeTaskFormView.swift */ = {isa = PBXFileReference; lastKnownFileType = sourcecode.swift; path = CompositeTaskFormView.swift; sourceTree = "<group>"; };
		1EAF1C5E760E18038C6E53F6 /* CountingDerivationPanelView.swift */ = {isa = PBXFileReference; lastKnownFileType = sourcecode.swift; path = CountingDerivationPanelView.swift; sourceTree = "<group>"; };
		2822E1DBF15699974C2F70C5 /* OYBCTests.swift */ = {isa = PBXFileReference; lastKnownFileType = sourcecode.swift; path = OYBCTests.swift; sourceTree = "<group>"; };
		28F87B121453F93D1A9C8372 /* CrossBoardRollupPlayground.swift */ = {isa = PBXFileReference; lastKnownFileType = sourcecode.swift; path = CrossBoardRollupPlayground.swift; sourceTree = "<group>"; };
		324A3D1A89D8FA53C3B37969 /* CreateView.swift */ = {isa = PBXFileReference; lastKnownFileType = sourcecode.swift; path = CreateView.swift; sourceTree = "<group>"; };
		343B20563EE55E5FA28C5DC2 /* MainTabView.swift */ = {isa = PBXFileReference; lastKnownFileType = sourcecode.swift; path = MainTabView.swift; sourceTree = "<group>"; };
		34742747DBBD390A07DC633A /* BingoSquare.swift */ = {isa = PBXFileReference; lastKnownFileType = sourcecode.swift; path = BingoSquare.swift; sourceTree = "<group>"; };
		36BFCB077AA954687C6EFED5 /* AuthGateView.swift */ = {isa = PBXFileReference; lastKnownFileType = sourcecode.swift; path = AuthGateView.swift; sourceTree = "<group>"; };
		37AE86E7BE2C5A2C66BEB50A /* TypeBadgeView.swift */ = {isa = PBXFileReference; lastKnownFileType = sourcecode.swift; path = TypeBadgeView.swift; sourceTree = "<group>"; };
		397644A1686EEC49F1E7C294 /* SelectableTaskItemView.swift */ = {isa = PBXFileReference; lastKnownFileType = sourcecode.swift; path = SelectableTaskItemView.swift; sourceTree = "<group>"; };
		476EB8034735B0ACC9032FA9 /* BingoDetection.swift */ = {isa = PBXFileReference; lastKnownFileType = sourcecode.swift; path = BingoDetection.swift; sourceTree = "<group>"; };
		49E7346F9B1FE13C5A6C2E1E /* BingoBoard.swift */ = {isa = PBXFileReference; lastKnownFileType = sourcecode.swift; path = BingoBoard.swift; sourceTree = "<group>"; };
		4ADD7157FF545AFEC6EF9588 /* ContentView.swift */ = {isa = PBXFileReference; lastKnownFileType = sourcecode.swift; path = ContentView.swift; sourceTree = "<group>"; };
		4B55F24D17BE0A2E4D024288 /* User.swift */ = {isa = PBXFileReference; lastKnownFileType = sourcecode.swift; path = User.swift; sourceTree = "<group>"; };
		4B7F89E61CAB57BA23FDB94E /* BoardStatusBadgeView.swift */ = {isa = PBXFileReference; lastKnownFileType = sourcecode.swift; path = BoardStatusBadgeView.swift; sourceTree = "<group>"; };
		4C85054E57A078D4AAEC7EB6 /* OYBC.app */ = {isa = PBXFileReference; includeInIndex = 0; lastKnownFileType = wrapper.application; path = OYBC.app; sourceTree = BUILT_PRODUCTS_DIR; };
		4F879A103A0FE383E497F464 /* CenterSquare.swift */ = {isa = PBXFileReference; lastKnownFileType = sourcecode.swift; path = CenterSquare.swift; sourceTree = "<group>"; };
		52DCD0346F7F3A37DB243153 /* PlaygroundUtils.swift */ = {isa = PBXFileReference; lastKnownFileType = sourcecode.swift; path = PlaygroundUtils.swift; sourceTree = "<group>"; };
		54EFEC6969DB53567791BCB1 /* PoolItemView.swift */ = {isa = PBXFileReference; lastKnownFileType = sourcecode.swift; path = PoolItemView.swift; sourceTree = "<group>"; };
		596BB9E3FF9B2BD21EECCD16 /* OYBC.entitlements */ = {isa = PBXFileReference; lastKnownFileType = text.plist.entitlements; path = OYBC.entitlements; sourceTree = "<group>"; };
		5A4A008E558F76153F461B0B /* BoardGeneratorPlayground.swift */ = {isa = PBXFileReference; lastKnownFileType = sourcecode.swift; path = BoardGeneratorPlayground.swift; sourceTree = "<group>"; };
		5A9B48D659A3517CCA341637 /* BoardListView.swift */ = {isa = PBXFileReference; lastKnownFileType = sourcecode.swift; path = BoardListView.swift; sourceTree = "<group>"; };
		5D6F0E5CF170B026EF76D520 /* FilterTabsView.swift */ = {isa = PBXFileReference; lastKnownFileType = sourcecode.swift; path = FilterTabsView.swift; sourceTree = "<group>"; };
		5E3E716EE694B3552051ECF6 /* CounterStepperView.swift */ = {isa = PBXFileReference; lastKnownFileType = sourcecode.swift; path = CounterStepperView.swift; sourceTree = "<group>"; };
		5F3A20C9A74AF6B70C127B13 /* ShuffleTests.swift */ = {isa = PBXFileReference; lastKnownFileType = sourcecode.swift; path = ShuffleTests.swift; sourceTree = "<group>"; };
		6AAEEFFDD3526743C95A13D7 /* SubtaskChipView.swift */ = {isa = PBXFileReference; lastKnownFileType = sourcecode.swift; path = SubtaskChipView.swift; sourceTree = "<group>"; };
		6C9306B223CFC8FBAFCBADE7 /* Shuffle.swift */ = {isa = PBXFileReference; lastKnownFileType = sourcecode.swift; path = Shuffle.swift; sourceTree = "<group>"; };
		6DEA8E9D24B3205D81595221 /* BoardPlayView.swift */ = {isa = PBXFileReference; lastKnownFileType = sourcecode.swift; path = BoardPlayView.swift; sourceTree = "<group>"; };
		73F91261A5D2B914C87A9E59 /* Board.swift */ = {isa = PBXFileReference; lastKnownFileType = sourcecode.swift; path = Board.swift; sourceTree = "<group>"; };
		759C64DAC632DDA057A45E5F /* BoardTaskSelectionPlayground.swift */ = {isa = PBXFileReference; lastKnownFileType = sourcecode.swift; path = BoardTaskSelectionPlayground.swift; sourceTree = "<group>"; };
		7C17DCB793B0A1C7A6A2519C /* AuthService.swift */ = {isa = PBXFileReference; lastKnownFileType = sourcecode.swift; path = AuthService.swift; sourceTree = "<group>"; };
		854FEF8734BD37239F0A8462 /* BoardTask.swift */ = {isa = PBXFileReference; lastKnownFileType = sourcecode.swift; path = BoardTask.swift; sourceTree = "<group>"; };
		A0CB0EA87156513D6744FDB3 /* DateFormatting.swift */ = {isa = PBXFileReference; lastKnownFileType = sourcecode.swift; path = DateFormatting.swift; sourceTree = "<group>"; };
		A0CF50310EFCCFABC8B74CF4 /* BoardPreferencesView.swift */ = {isa = PBXFileReference; lastKnownFileType = sourcecode.swift; path = BoardPreferencesView.swift; sourceTree = "<group>"; };
		A3BC179DE0E837C8B5BCD843 /* ProfileView.swift */ = {isa = PBXFileReference; lastKnownFileType = sourcecode.swift; path = ProfileView.swift; sourceTree = "<group>"; };
		A5D833627B1CDD7BE3E829AC /* ProgressStepRowView.swift */ = {isa = PBXFileReference; lastKnownFileType = sourcecode.swift; path = ProgressStepRowView.swift; sourceTree = "<group>"; };
		B70713D5FB25DE3392CD3CEE /* Schema.sql */ = {isa = PBXFileReference; path = Schema.sql; sourceTree = "<group>"; };
		C726409E076553C475236DC2 /* SyncDashboardView.swift */ = {isa = PBXFileReference; lastKnownFileType = sourcecode.swift; path = SyncDashboardView.swift; sourceTree = "<group>"; };
		C9AA2CED78BAF3773BDB4359 /* OYBCApp.swift */ = {isa = PBXFileReference; lastKnownFileType = sourcecode.swift; path = OYBCApp.swift; sourceTree = "<group>"; };
		D0052BFE5116994683E79480 /* CompositeTask.swift */ = {isa = PBXFileReference; lastKnownFileType = sourcecode.swift; path = CompositeTask.swift; sourceTree = "<group>"; };
		DBBE3843E4352198EC48EA98 /* ProgressCounter.swift */ = {isa = PBXFileReference; lastKnownFileType = sourcecode.swift; path = ProgressCounter.swift; sourceTree = "<group>"; };
		DCE6F8AAD4860D11D04DF12E /* TaskTypeSelectorView.swift */ = {isa = PBXFileReference; lastKnownFileType = sourcecode.swift; path = TaskTypeSelectorView.swift; sourceTree = "<group>"; };
		DD08A8AFE2E5BD265E813DC4 /* UnifiedTaskCreatorPlayground.swift */ = {isa = PBXFileReference; lastKnownFileType = sourcecode.swift; path = UnifiedTaskCreatorPlayground.swift; sourceTree = "<group>"; };
		EA07280EAE71A1F3F97DFC4D /* SubtaskDerivationPlayground.swift */ = {isa = PBXFileReference; lastKnownFileType = sourcecode.swift; path = SubtaskDerivationPlayground.swift; sourceTree = "<group>"; };
		F6FAE48D69EF28D353EBD10A /* CountingStepFieldsView.swift */ = {isa = PBXFileReference; lastKnownFileType = sourcecode.swift; path = CountingStepFieldsView.swift; sourceTree = "<group>"; };
		F7E74B041346356A3B771F07 /* InteractiveTaskSquareView.swift */ = {isa = PBXFileReference; lastKnownFileType = sourcecode.swift; path = InteractiveTaskSquareView.swift; sourceTree = "<group>"; };
		FA364CFC7AE1782BC3F5A635 /* TaskSquareActionsPlayground.swift */ = {isa = PBXFileReference; lastKnownFileType = sourcecode.swift; path = TaskSquareActionsPlayground.swift; sourceTree = "<group>"; };
		FA434E50844910E99B885B94 /* BoardListItemView.swift */ = {isa = PBXFileReference; lastKnownFileType = sourcecode.swift; path = BoardListItemView.swift; sourceTree = "<group>"; };
		"TEMP_21A2A7BE-A120-44F4-9116-A0A98EF5E468" /* Signing.xcconfig */ = {isa = PBXFileReference; lastKnownFileType = text.xcconfig; path = Signing.xcconfig; sourceTree = "<group>"; };
/* End PBXFileReference section */

/* Begin PBXFrameworksBuildPhase section */
		F3D333246590F99CD7CABA7F /* Frameworks */ = {
			isa = PBXFrameworksBuildPhase;
			buildActionMask = 2147483647;
			files = (
				2EF19E402C1B931693900274 /* GRDB in Frameworks */,
				79AFC76C8AE9E5A02354E0A2 /* FirebaseAuth in Frameworks */,
				64BCFBAA10D300F11C77EF1E /* FirebaseFirestore in Frameworks */,
				88AC024943E462F0AF5F00B8 /* GoogleSignIn in Frameworks */,
				51870B5D912C9DEF088A30A7 /* GoogleSignInSwift in Frameworks */,
			);
			runOnlyForDeploymentPostprocessing = 0;
		};
/* End PBXFrameworksBuildPhase section */

/* Begin PBXGroup section */
		1B45E6A56872A0AAB9A5199F /* Playground */ = {
			isa = PBXGroup;
			children = (
				5A4A008E558F76153F461B0B /* BoardGeneratorPlayground.swift */,
				08DB8020760BCFB03F39C5AD /* BoardLifecyclePlayground.swift */,
				759C64DAC632DDA057A45E5F /* BoardTaskSelectionPlayground.swift */,
				1C131BB0EE70184E5551EB30 /* CompositeTaskFormView.swift */,
				28F87B121453F93D1A9C8372 /* CrossBoardRollupPlayground.swift */,
				52DCD0346F7F3A37DB243153 /* PlaygroundUtils.swift */,
				EA07280EAE71A1F3F97DFC4D /* SubtaskDerivationPlayground.swift */,
				FA364CFC7AE1782BC3F5A635 /* TaskSquareActionsPlayground.swift */,
				DD08A8AFE2E5BD265E813DC4 /* UnifiedTaskCreatorPlayground.swift */,
			);
			path = Playground;
			sourceTree = "<group>";
		};
		34A9C4EF5E8E5F349CF44BB3 /* Components */ = {
			isa = PBXGroup;
			children = (
				49E7346F9B1FE13C5A6C2E1E /* BingoBoard.swift */,
				34742747DBBD390A07DC633A /* BingoSquare.swift */,
				09D1C385E6406EC3C9A4BEE8 /* BoardCreatorPanelView.swift */,
				FA434E50844910E99B885B94 /* BoardListItemView.swift */,
				4B7F89E61CAB57BA23FDB94E /* BoardStatusBadgeView.swift */,
				089DC720A8203E55B60E786A /* CompositeDerivationPanelView.swift */,
				5E3E716EE694B3552051ECF6 /* CounterStepperView.swift */,
				1EAF1C5E760E18038C6E53F6 /* CountingDerivationPanelView.swift */,
				F6FAE48D69EF28D353EBD10A /* CountingStepFieldsView.swift */,
				5D6F0E5CF170B026EF76D520 /* FilterTabsView.swift */,
				F7E74B041346356A3B771F07 /* InteractiveTaskSquareView.swift */,
				16692D5EE31A40B7686E3C2E /* OperatorSelectorView.swift */,
				54EFEC6969DB53567791BCB1 /* PoolItemView.swift */,
				18B60E3F0ADD35659E672AC1 /* ProgressDerivationPanelView.swift */,
				A5D833627B1CDD7BE3E829AC /* ProgressStepRowView.swift */,
				397644A1686EEC49F1E7C294 /* SelectableTaskItemView.swift */,
				6AAEEFFDD3526743C95A13D7 /* SubtaskChipView.swift */,
				C726409E076553C475236DC2 /* SyncDashboardView.swift */,
				DCE6F8AAD4860D11D04DF12E /* TaskTypeSelectorView.swift */,
				37AE86E7BE2C5A2C66BEB50A /* TypeBadgeView.swift */,
			);
			path = Components;
			sourceTree = "<group>";
		};
		3AD387F508B024065D14DBAE /* Database */ = {
			isa = PBXGroup;
			children = (
				1B37DB9688050E788877CC59 /* AppDatabase.swift */,
				B70713D5FB25DE3392CD3CEE /* Schema.sql */,
				6BEC4DAFE1D783BB07E518EE /* Models */,
			);
			path = Database;
			sourceTree = "<group>";
		};
		3D7E5C61CCC0B0A344A57CAA /* OYBC */ = {
			isa = PBXGroup;
			children = (
				09679BD66A6C0F577D3B4EDD /* GoogleService-Info.plist */,
				122F83127D65EB023917FFAB /* Info.plist */,
				596BB9E3FF9B2BD21EECCD16 /* OYBC.entitlements */,
				C9AA2CED78BAF3773BDB4359 /* OYBCApp.swift */,
				3AD387F508B024065D14DBAE /* Database */,
				C3C7C5326B957BB16B552247 /* Helpers */,
				5EB2589FD1AC89FEF6CE8CC3 /* Services */,
				E04B680C4AB00EFB7FB680F9 /* Views */,
			);
			path = OYBC;
			sourceTree = "<group>";
		};
		58CCF2A47CA60303B518F138 /* Products */ = {
			isa = PBXGroup;
			children = (
				4C85054E57A078D4AAEC7EB6 /* OYBC.app */,
				16B24FB7FF9CEDD9A319B968 /* OYBCTests.xctest */,
			);
			name = Products;
			sourceTree = "<group>";
		};
		5EB2589FD1AC89FEF6CE8CC3 /* Services */ = {
			isa = PBXGroup;
			children = (
				7C17DCB793B0A1C7A6A2519C /* AuthService.swift */,
				476EB8034735B0ACC9032FA9 /* BingoDetection.swift */,
				4F879A103A0FE383E497F464 /* CenterSquare.swift */,
				6C9306B223CFC8FBAFCBADE7 /* Shuffle.swift */,
				08F0A3E6144798AD80EB9DAF /* SyncService.swift */,
			);
			path = Services;
			sourceTree = "<group>";
		};
		6BEC4DAFE1D783BB07E518EE /* Models */ = {
			isa = PBXGroup;
			children = (
				73F91261A5D2B914C87A9E59 /* Board.swift */,
				854FEF8734BD37239F0A8462 /* BoardTask.swift */,
				D0052BFE5116994683E79480 /* CompositeTask.swift */,
				DBBE3843E4352198EC48EA98 /* ProgressCounter.swift */,
				0436CC51A477FF70932A9546 /* SyncQueue.swift */,
				149C3CA55D0467096B13D935 /* Task.swift */,
				4B55F24D17BE0A2E4D024288 /* User.swift */,
			);
			path = Models;
			sourceTree = "<group>";
		};
		A287D5A503950699FE53C6E9 /* OYBCTests */ = {
			isa = PBXGroup;
			children = (
				2822E1DBF15699974C2F70C5 /* OYBCTests.swift */,
				5F3A20C9A74AF6B70C127B13 /* ShuffleTests.swift */,
			);
			path = OYBCTests;
			sourceTree = "<group>";
		};
		B219F57FB5FA20CDACB50054 /* ProfileTab */ = {
			isa = PBXGroup;
			children = (
				A0CF50310EFCCFABC8B74CF4 /* BoardPreferencesView.swift */,
				A3BC179DE0E837C8B5BCD843 /* ProfileView.swift */,
			);
			path = ProfileTab;
			sourceTree = "<group>";
		};
		C3C7C5326B957BB16B552247 /* Helpers */ = {
			isa = PBXGroup;
			children = (
				A0CB0EA87156513D6744FDB3 /* DateFormatting.swift */,
			);
			path = Helpers;
			sourceTree = "<group>";
		};
		D73D18C4A782BA0C6CB59E47 = {
			isa = PBXGroup;
			children = (
				3D7E5C61CCC0B0A344A57CAA /* OYBC */,
				A287D5A503950699FE53C6E9 /* OYBCTests */,
				58CCF2A47CA60303B518F138 /* Products */,
			);
			sourceTree = "<group>";
		};
		E03FBA3FFEAF88A7D8609EBA /* CreateTab */ = {
			isa = PBXGroup;
			children = (
				324A3D1A89D8FA53C3B37969 /* CreateView.swift */,
			);
			path = CreateTab;
			sourceTree = "<group>";
		};
		E04B680C4AB00EFB7FB680F9 /* Views */ = {
			isa = PBXGroup;
			children = (
				36BFCB077AA954687C6EFED5 /* AuthGateView.swift */,
				4ADD7157FF545AFEC6EF9588 /* ContentView.swift */,
				343B20563EE55E5FA28C5DC2 /* MainTabView.swift */,
				032F40E3064154C5E3108AB4 /* PlaygroundView.swift */,
				E7AA0FEE3F82A53DCA116770 /* BoardsTab */,
				34A9C4EF5E8E5F349CF44BB3 /* Components */,
				E03FBA3FFEAF88A7D8609EBA /* CreateTab */,
				1B45E6A56872A0AAB9A5199F /* Playground */,
				B219F57FB5FA20CDACB50054 /* ProfileTab */,
			);
			path = Views;
			sourceTree = "<group>";
		};
		E7AA0FEE3F82A53DCA116770 /* BoardsTab */ = {
			isa = PBXGroup;
			children = (
				5A9B48D659A3517CCA341637 /* BoardListView.swift */,
				6DEA8E9D24B3205D81595221 /* BoardPlayView.swift */,
			);
			path = BoardsTab;
			sourceTree = "<group>";
		};
		"TEMP_4855FBE5-64F0-4149-9E17-C5A3368FE11B" /* ios */ = {
			isa = PBXGroup;
			children = (
				"TEMP_21A2A7BE-A120-44F4-9116-A0A98EF5E468" /* Signing.xcconfig */,
			);
			path = ios;
			sourceTree = "<group>";
		};
/* End PBXGroup section */

/* Begin PBXNativeTarget section */
		649ED9C362239F55CE47277B /* OYBC */ = {
			isa = PBXNativeTarget;
			buildConfigurationList = 8DF4FCDD089CB6AB6C9F28C4 /* Build configuration list for PBXNativeTarget "OYBC" */;
			buildPhases = (
				028276C351C61BD83A7E1785 /* Setup App Directories */,
				110FF29BCB3759B98AD37850 /* Sources */,
				858DA60AD6FA42DC09355656 /* Resources */,
				F3D333246590F99CD7CABA7F /* Frameworks */,
			);
			buildRules = (
			);
			dependencies = (
			);
			name = OYBC;
			packageProductDependencies = (
				FB60A2471061045431151B6B /* GRDB */,
				C75445B6764BE3BD13B11782 /* FirebaseAuth */,
				91A45F3247DF5222CFEC856D /* FirebaseFirestore */,
				63CE473C73B22D4EFDC81AED /* GoogleSignIn */,
				EDD4468E4592EA5DCFBBE66A /* GoogleSignInSwift */,
			);
			productName = OYBC;
			productReference = 4C85054E57A078D4AAEC7EB6 /* OYBC.app */;
			productType = "com.apple.product-type.application";
		};
		9F5E8011F4A8F3E3010DEF60 /* OYBCTests */ = {
			isa = PBXNativeTarget;
			buildConfigurationList = 7EA2820B863B586E30FF5D6C /* Build configuration list for PBXNativeTarget "OYBCTests" */;
			buildPhases = (
				3C89F36AECD1676482EF7713 /* Sources */,
			);
			buildRules = (
			);
			dependencies = (
				DD545ED9D4FB8B93E52BAFB9 /* PBXTargetDependency */,
			);
			name = OYBCTests;
			packageProductDependencies = (
			);
			productName = OYBCTests;
			productReference = 16B24FB7FF9CEDD9A319B968 /* OYBCTests.xctest */;
			productType = "com.apple.product-type.bundle.unit-test";
		};
/* End PBXNativeTarget section */

/* Begin PBXProject section */
		FBB7EE1A8E71828D0A20F5BF /* Project object */ = {
			isa = PBXProject;
			attributes = {
				BuildIndependentTargetsInParallel = YES;
				LastUpgradeCheck = 1430;
				TargetAttributes = {
					649ED9C362239F55CE47277B = {
						DevelopmentTeam = "";
						ProvisioningStyle = Automatic;
					};
					9F5E8011F4A8F3E3010DEF60 = {
						ProvisioningStyle = Automatic;
					};
				};
			};
			buildConfigurationList = D57E4A84D33E00E3AD508C4A /* Build configuration list for PBXProject "OYBC" */;
			developmentRegion = en;
			hasScannedForEncodings = 0;
			knownRegions = (
				Base,
				en,
			);
			mainGroup = D73D18C4A782BA0C6CB59E47;
			minimizedProjectReferenceProxies = 1;
			packageReferences = (
				63C5754F3131857FB77E7F13 /* XCRemoteSwiftPackageReference "firebase-ios-sdk" */,
				79E5F34F611D045523BAC683 /* XCRemoteSwiftPackageReference "GRDB.swift" */,
				DD961413FF6BF06CD1601127 /* XCRemoteSwiftPackageReference "GoogleSignIn-iOS" */,
			);
			preferredProjectObjectVersion = 77;
			productRefGroup = 58CCF2A47CA60303B518F138 /* Products */;
			projectDirPath = "";
			projectRoot = "";
			targets = (
				649ED9C362239F55CE47277B /* OYBC */,
				9F5E8011F4A8F3E3010DEF60 /* OYBCTests */,
			);
		};
/* End PBXProject section */

/* Begin PBXResourcesBuildPhase section */
		858DA60AD6FA42DC09355656 /* Resources */ = {
			isa = PBXResourcesBuildPhase;
			buildActionMask = 2147483647;
			files = (
				F9FB7176671700EFA81BA5F7 /* GoogleService-Info.plist in Resources */,
				3D1E96D35DF0BF6B1DE02EB4 /* Schema.sql in Resources */,
			);
			runOnlyForDeploymentPostprocessing = 0;
		};
/* End PBXResourcesBuildPhase section */

/* Begin PBXShellScriptBuildPhase section */
		028276C351C61BD83A7E1785 /* Setup App Directories */ = {
			isa = PBXShellScriptBuildPhase;
			alwaysOutOfDate = 1;
			buildActionMask = 2147483647;
			files = (
			);
			inputFileListPaths = (
			);
			inputPaths = (
			);
			name = "Setup App Directories";
			outputFileListPaths = (
			);
			outputPaths = (
			);
			runOnlyForDeploymentPostprocessing = 0;
			shellPath = /bin/sh;
			shellScript = "# Create database directory if it doesn't exist\necho \"Setting up app directories...\"\n";
		};
/* End PBXShellScriptBuildPhase section */

/* Begin PBXSourcesBuildPhase section */
		110FF29BCB3759B98AD37850 /* Sources */ = {
			isa = PBXSourcesBuildPhase;
			buildActionMask = 2147483647;
			files = (
				9ECE28E0A8E7C648C808CD01 /* AppDatabase.swift in Sources */,
				B602C002BA5E808B589A6CAD /* AuthGateView.swift in Sources */,
				8A71A65F7FD101728EDFEA0F /* AuthService.swift in Sources */,
				385DD3AF707F8A87CB285762 /* BingoBoard.swift in Sources */,
				A6F3DCD9274923158442DA36 /* BingoDetection.swift in Sources */,
				B2FCC0C6923A5FD1DD19A429 /* BingoSquare.swift in Sources */,
				9F0D8D9AA79597CE605BD66A /* Board.swift in Sources */,
				D9E60AC9E8B8D249C0AABFC9 /* BoardCreatorPanelView.swift in Sources */,
				4C1404F4AF8D7B699FF5DC50 /* BoardGeneratorPlayground.swift in Sources */,
				2FAB51431A166B7B1C77EB21 /* BoardLifecyclePlayground.swift in Sources */,
				2C57FCF2046E9E59665819C0 /* BoardListItemView.swift in Sources */,
				27AB929BF4B52E411F6EFA6C /* BoardListView.swift in Sources */,
				3EC35293B2C1A69FB060892D /* BoardPlayView.swift in Sources */,
				50CA8B52D842362E4702E526 /* BoardPreferencesView.swift in Sources */,
				C5DAC2DD6C247A8B43C043F5 /* BoardStatusBadgeView.swift in Sources */,
				A6587A770CE6BA5A3F726513 /* BoardTask.swift in Sources */,
				F184BF3F494D793485812D9C /* BoardTaskSelectionPlayground.swift in Sources */,
				5BBF160330B3C5EBABCE096B /* CenterSquare.swift in Sources */,
				CD9EF03D19BE77339DC9E521 /* CompositeDerivationPanelView.swift in Sources */,
				E8FAA1849B7D23A6BE8201A2 /* CompositeTask.swift in Sources */,
				B92DF575684C12C09A6778F0 /* CompositeTaskFormView.swift in Sources */,
				4B2B6ED94B59B66095A2A7F4 /* ContentView.swift in Sources */,
				5980D09CC9D150A4D3BF0CD1 /* CounterStepperView.swift in Sources */,
				02D2A87C1E28F78EECABD222 /* CountingDerivationPanelView.swift in Sources */,
				C3B8B4FD9C30EBC428EC52E6 /* CountingStepFieldsView.swift in Sources */,
				5B042ED7D73C5722CE174C3E /* CreateView.swift in Sources */,
				8C0AC5F740FA4EEADB74E2FF /* CrossBoardRollupPlayground.swift in Sources */,
				98FC1FC89C04B110DE933FFF /* DateFormatting.swift in Sources */,
				4CE4469DBCB98384521C8165 /* FilterTabsView.swift in Sources */,
				F520EAF2A234007AFB744072 /* InteractiveTaskSquareView.swift in Sources */,
				159D16051FA8E2923FE9CC84 /* MainTabView.swift in Sources */,
				37624F99D990B4337BC5C84F /* OYBCApp.swift in Sources */,
				791DEFB79CC96B53EB75A769 /* OperatorSelectorView.swift in Sources */,
				40223EBA0D9B7B25CCB1931A /* PlaygroundUtils.swift in Sources */,
				A3FBDF82011C7F6ED8D3F7C5 /* PlaygroundView.swift in Sources */,
				9C937C2D108505180539315A /* PoolItemView.swift in Sources */,
				82482EA7C8020E1CFF28D5EC /* ProfileView.swift in Sources */,
				E7CBCC86ED6FE4F15EDE9917 /* ProgressCounter.swift in Sources */,
				62B6681E15366A8DFDF4BD91 /* ProgressDerivationPanelView.swift in Sources */,
				9CFB0C8623103103E895A83D /* ProgressStepRowView.swift in Sources */,
				C2C8D744E19FC1CC95F72D96 /* SelectableTaskItemView.swift in Sources */,
				EB546963E080BD0C7D5EDDBD /* Shuffle.swift in Sources */,
				FDD899F966D69F4B39AFE8AD /* SubtaskChipView.swift in Sources */,
				9D6C633E19038C7202F46256 /* SubtaskDerivationPlayground.swift in Sources */,
				D924E811AABFF1C4067A12CD /* SyncDashboardView.swift in Sources */,
				619A5E4D57F256C847CC9A50 /* SyncQueue.swift in Sources */,
				C0A46EFF73CDF0023708C549 /* SyncService.swift in Sources */,
				1ACE4018BEAFDD1F5CF0481E /* Task.swift in Sources */,
				A4D761B3D3CB7A3326F7B11F /* TaskSquareActionsPlayground.swift in Sources */,
				FE2AA97E854569BAF2DFAE62 /* TaskTypeSelectorView.swift in Sources */,
				AD7B6745F16D74F4733FF545 /* TypeBadgeView.swift in Sources */,
				3C42ABF9B38079BEB9105DC2 /* UnifiedTaskCreatorPlayground.swift in Sources */,
				9C24CDBF218203559E063F7F /* User.swift in Sources */,
			);
			runOnlyForDeploymentPostprocessing = 0;
		};
		3C89F36AECD1676482EF7713 /* Sources */ = {
			isa = PBXSourcesBuildPhase;
			buildActionMask = 2147483647;
			files = (
				5C2D41E4AAD6F8F30FAF9B67 /* OYBCTests.swift in Sources */,
				BD7E816390E48BAA75582B89 /* ShuffleTests.swift in Sources */,
			);
			runOnlyForDeploymentPostprocessing = 0;
		};
/* End PBXSourcesBuildPhase section */

/* Begin PBXTargetDependency section */
		DD545ED9D4FB8B93E52BAFB9 /* PBXTargetDependency */ = {
			isa = PBXTargetDependency;
			target = 649ED9C362239F55CE47277B /* OYBC */;
			targetProxy = A528113FEA58D850CBC362C3 /* PBXContainerItemProxy */;
		};
/* End PBXTargetDependency section */

/* Begin XCBuildConfiguration section */
		017A8B55D46C455027C5CBDA /* Debug */ = {
			isa = XCBuildConfiguration;
			baseConfigurationReference = "TEMP_21A2A7BE-A120-44F4-9116-A0A98EF5E468" /* Signing.xcconfig */;
			buildSettings = {
				ASSETCATALOG_COMPILER_APPICON_NAME = AppIcon;
				CODE_SIGN_ENTITLEMENTS = OYBC/OYBC.entitlements;
				CODE_SIGN_IDENTITY = "Apple Development";
				CODE_SIGN_STYLE = Automatic;
				DEVELOPMENT_ASSET_PATHS = "";
				ENABLE_PREVIEWS = YES;
				GENERATE_INFOPLIST_FILE = YES;
				INFOPLIST_FILE = OYBC/Info.plist;
				INFOPLIST_KEY_UIApplicationSceneManifest_Generation = YES;
				INFOPLIST_KEY_UIApplicationSupportsIndirectInputEvents = YES;
				INFOPLIST_KEY_UILaunchScreen_Generation = YES;
				INFOPLIST_KEY_UISupportedInterfaceOrientations_iPad = "UIInterfaceOrientationPortrait UIInterfaceOrientationPortraitUpsideDown UIInterfaceOrientationLandscapeLeft UIInterfaceOrientationLandscapeRight";
				INFOPLIST_KEY_UISupportedInterfaceOrientations_iPhone = "UIInterfaceOrientationPortrait UIInterfaceOrientationLandscapeLeft UIInterfaceOrientationLandscapeRight";
				IPHONEOS_DEPLOYMENT_TARGET = 17.0;
				LD_RUNPATH_SEARCH_PATHS = (
					"$(inherited)",
					"@executable_path/Frameworks",
				);
				PRODUCT_BUNDLE_IDENTIFIER = com.oybc.OYBC;
				PRODUCT_NAME = "$(TARGET_NAME)";
				SDKROOT = iphoneos;
				SWIFT_EMIT_LOC_STRINGS = YES;
				SWIFT_VERSION = 5.9;
				TARGETED_DEVICE_FAMILY = "1,2";
			};
			name = Debug;
		};
		215EC22441C791B6AF332560 /* Debug */ = {
			isa = XCBuildConfiguration;
			buildSettings = {
				ALWAYS_SEARCH_USER_PATHS = NO;
				CLANG_ANALYZER_NONNULL = YES;
				CLANG_ANALYZER_NUMBER_OBJECT_CONVERSION = YES_AGGRESSIVE;
				CLANG_CXX_LANGUAGE_STANDARD = "gnu++14";
				CLANG_CXX_LIBRARY = "libc++";
				CLANG_ENABLE_MODULES = YES;
				CLANG_ENABLE_OBJC_ARC = YES;
				CLANG_ENABLE_OBJC_WEAK = YES;
				CLANG_WARN_BLOCK_CAPTURE_AUTORELEASING = YES;
				CLANG_WARN_BOOL_CONVERSION = YES;
				CLANG_WARN_COMMA = YES;
				CLANG_WARN_CONSTANT_CONVERSION = YES;
				CLANG_WARN_DEPRECATED_OBJC_IMPLEMENTATIONS = YES;
				CLANG_WARN_DIRECT_OBJC_ISA_USAGE = YES_ERROR;
				CLANG_WARN_DOCUMENTATION_COMMENTS = YES;
				CLANG_WARN_EMPTY_BODY = YES;
				CLANG_WARN_ENUM_CONVERSION = YES;
				CLANG_WARN_INFINITE_RECURSION = YES;
				CLANG_WARN_INT_CONVERSION = YES;
				CLANG_WARN_NON_LITERAL_NULL_CONVERSION = YES;
				CLANG_WARN_OBJC_IMPLICIT_RETAIN_SELF = YES;
				CLANG_WARN_OBJC_LITERAL_CONVERSION = YES;
				CLANG_WARN_OBJC_ROOT_CLASS = YES_ERROR;
				CLANG_WARN_QUOTED_INCLUDE_IN_FRAMEWORK_HEADER = YES;
				CLANG_WARN_RANGE_LOOP_ANALYSIS = YES;
				CLANG_WARN_STRICT_PROTOTYPES = YES;
				CLANG_WARN_SUSPICIOUS_MOVE = YES;
				CLANG_WARN_UNGUARDED_AVAILABILITY = YES_AGGRESSIVE;
				CLANG_WARN_UNREACHABLE_CODE = YES;
				CLANG_WARN__DUPLICATE_METHOD_MATCH = YES;
				COPY_PHASE_STRIP = NO;
				CURRENT_PROJECT_VERSION = 1;
				DEBUG_INFORMATION_FORMAT = dwarf;
				ENABLE_PREVIEWS = YES;
				ENABLE_STRICT_OBJC_MSGSEND = YES;
				ENABLE_TESTABILITY = YES;
				GCC_C_LANGUAGE_STANDARD = gnu11;
				GCC_DYNAMIC_NO_PIC = NO;
				GCC_NO_COMMON_BLOCKS = YES;
				GCC_OPTIMIZATION_LEVEL = 0;
				GCC_PREPROCESSOR_DEFINITIONS = (
					"$(inherited)",
					"DEBUG=1",
				);
				GCC_WARN_64_TO_32_BIT_CONVERSION = YES;
				GCC_WARN_ABOUT_RETURN_TYPE = YES_ERROR;
				GCC_WARN_UNDECLARED_SELECTOR = YES;
				GCC_WARN_UNINITIALIZED_AUTOS = YES_AGGRESSIVE;
				GCC_WARN_UNUSED_FUNCTION = YES;
				GCC_WARN_UNUSED_VARIABLE = YES;
				IPHONEOS_DEPLOYMENT_TARGET = 17.0;
				MARKETING_VERSION = 1.0.0;
				MTL_ENABLE_DEBUG_INFO = INCLUDE_SOURCE;
				MTL_FAST_MATH = YES;
				ONLY_ACTIVE_ARCH = YES;
				PRODUCT_NAME = "$(TARGET_NAME)";
				SDKROOT = iphoneos;
				SWIFT_ACTIVE_COMPILATION_CONDITIONS = DEBUG;
				SWIFT_OPTIMIZATION_LEVEL = "-Onone";
				SWIFT_VERSION = 5.9;
			};
			name = Debug;
		};
		2D2075CA2813758686875591 /* Release */ = {
			isa = XCBuildConfiguration;
			baseConfigurationReference = "TEMP_21A2A7BE-A120-44F4-9116-A0A98EF5E468" /* Signing.xcconfig */;
			buildSettings = {
				ASSETCATALOG_COMPILER_APPICON_NAME = AppIcon;
				CODE_SIGN_ENTITLEMENTS = OYBC/OYBC.entitlements;
				CODE_SIGN_IDENTITY = "Apple Development";
				CODE_SIGN_STYLE = Automatic;
				DEVELOPMENT_ASSET_PATHS = "";
				ENABLE_PREVIEWS = YES;
				GENERATE_INFOPLIST_FILE = YES;
				INFOPLIST_FILE = OYBC/Info.plist;
				INFOPLIST_KEY_UIApplicationSceneManifest_Generation = YES;
				INFOPLIST_KEY_UIApplicationSupportsIndirectInputEvents = YES;
				INFOPLIST_KEY_UILaunchScreen_Generation = YES;
				INFOPLIST_KEY_UISupportedInterfaceOrientations_iPad = "UIInterfaceOrientationPortrait UIInterfaceOrientationPortraitUpsideDown UIInterfaceOrientationLandscapeLeft UIInterfaceOrientationLandscapeRight";
				INFOPLIST_KEY_UISupportedInterfaceOrientations_iPhone = "UIInterfaceOrientationPortrait UIInterfaceOrientationLandscapeLeft UIInterfaceOrientationLandscapeRight";
				IPHONEOS_DEPLOYMENT_TARGET = 17.0;
				LD_RUNPATH_SEARCH_PATHS = (
					"$(inherited)",
					"@executable_path/Frameworks",
				);
				PRODUCT_BUNDLE_IDENTIFIER = com.oybc.OYBC;
				PRODUCT_NAME = "$(TARGET_NAME)";
				SDKROOT = iphoneos;
				SWIFT_EMIT_LOC_STRINGS = YES;
				SWIFT_VERSION = 5.9;
				TARGETED_DEVICE_FAMILY = "1,2";
			};
			name = Release;
		};
		88D6CA728C120378414B96EB /* Release */ = {
			isa = XCBuildConfiguration;
			buildSettings = {
				BUNDLE_LOADER = "$(TEST_HOST)";
				CODE_SIGN_STYLE = Automatic;
				LD_RUNPATH_SEARCH_PATHS = (
					"$(inherited)",
					"@executable_path/Frameworks",
					"@loader_path/Frameworks",
				);
				PRODUCT_BUNDLE_IDENTIFIER = com.oybc.OYBCTests;
				SDKROOT = iphoneos;
				TARGETED_DEVICE_FAMILY = "1,2";
				TEST_HOST = "$(BUILT_PRODUCTS_DIR)/OYBC.app/OYBC";
			};
			name = Release;
		};
		A78B2C92EA8E08487C3C9EA3 /* Debug */ = {
			isa = XCBuildConfiguration;
			buildSettings = {
				BUNDLE_LOADER = "$(TEST_HOST)";
				CODE_SIGN_STYLE = Automatic;
				LD_RUNPATH_SEARCH_PATHS = (
					"$(inherited)",
					"@executable_path/Frameworks",
					"@loader_path/Frameworks",
				);
				PRODUCT_BUNDLE_IDENTIFIER = com.oybc.OYBCTests;
				SDKROOT = iphoneos;
				TARGETED_DEVICE_FAMILY = "1,2";
				TEST_HOST = "$(BUILT_PRODUCTS_DIR)/OYBC.app/OYBC";
			};
			name = Debug;
		};
		FA3A2B7F481A4A2A2E1B08DF /* Release */ = {
			isa = XCBuildConfiguration;
			buildSettings = {
				ALWAYS_SEARCH_USER_PATHS = NO;
				CLANG_ANALYZER_NONNULL = YES;
				CLANG_ANALYZER_NUMBER_OBJECT_CONVERSION = YES_AGGRESSIVE;
				CLANG_CXX_LANGUAGE_STANDARD = "gnu++14";
				CLANG_CXX_LIBRARY = "libc++";
				CLANG_ENABLE_MODULES = YES;
				CLANG_ENABLE_OBJC_ARC = YES;
				CLANG_ENABLE_OBJC_WEAK = YES;
				CLANG_WARN_BLOCK_CAPTURE_AUTORELEASING = YES;
				CLANG_WARN_BOOL_CONVERSION = YES;
				CLANG_WARN_COMMA = YES;
				CLANG_WARN_CONSTANT_CONVERSION = YES;
				CLANG_WARN_DEPRECATED_OBJC_IMPLEMENTATIONS = YES;
				CLANG_WARN_DIRECT_OBJC_ISA_USAGE = YES_ERROR;
				CLANG_WARN_DOCUMENTATION_COMMENTS = YES;
				CLANG_WARN_EMPTY_BODY = YES;
				CLANG_WARN_ENUM_CONVERSION = YES;
				CLANG_WARN_INFINITE_RECURSION = YES;
				CLANG_WARN_INT_CONVERSION = YES;
				CLANG_WARN_NON_LITERAL_NULL_CONVERSION = YES;
				CLANG_WARN_OBJC_IMPLICIT_RETAIN_SELF = YES;
				CLANG_WARN_OBJC_LITERAL_CONVERSION = YES;
				CLANG_WARN_OBJC_ROOT_CLASS = YES_ERROR;
				CLANG_WARN_QUOTED_INCLUDE_IN_FRAMEWORK_HEADER = YES;
				CLANG_WARN_RANGE_LOOP_ANALYSIS = YES;
				CLANG_WARN_STRICT_PROTOTYPES = YES;
				CLANG_WARN_SUSPICIOUS_MOVE = YES;
				CLANG_WARN_UNGUARDED_AVAILABILITY = YES_AGGRESSIVE;
				CLANG_WARN_UNREACHABLE_CODE = YES;
				CLANG_WARN__DUPLICATE_METHOD_MATCH = YES;
				COPY_PHASE_STRIP = NO;
				CURRENT_PROJECT_VERSION = 1;
				DEBUG_INFORMATION_FORMAT = "dwarf-with-dsym";
				ENABLE_NS_ASSERTIONS = NO;
				ENABLE_PREVIEWS = YES;
				ENABLE_STRICT_OBJC_MSGSEND = YES;
				GCC_C_LANGUAGE_STANDARD = gnu11;
				GCC_NO_COMMON_BLOCKS = YES;
				GCC_WARN_64_TO_32_BIT_CONVERSION = YES;
				GCC_WARN_ABOUT_RETURN_TYPE = YES_ERROR;
				GCC_WARN_UNDECLARED_SELECTOR = YES;
				GCC_WARN_UNINITIALIZED_AUTOS = YES_AGGRESSIVE;
				GCC_WARN_UNUSED_FUNCTION = YES;
				GCC_WARN_UNUSED_VARIABLE = YES;
				IPHONEOS_DEPLOYMENT_TARGET = 17.0;
				MARKETING_VERSION = 1.0.0;
				MTL_ENABLE_DEBUG_INFO = NO;
				MTL_FAST_MATH = YES;
				PRODUCT_NAME = "$(TARGET_NAME)";
				SDKROOT = iphoneos;
				SWIFT_COMPILATION_MODE = wholemodule;
				SWIFT_OPTIMIZATION_LEVEL = "-O";
				SWIFT_VERSION = 5.9;
			};
			name = Release;
		};
/* End XCBuildConfiguration section */

/* Begin XCConfigurationList section */
		7EA2820B863B586E30FF5D6C /* Build configuration list for PBXNativeTarget "OYBCTests" */ = {
			isa = XCConfigurationList;
			buildConfigurations = (
				A78B2C92EA8E08487C3C9EA3 /* Debug */,
				88D6CA728C120378414B96EB /* Release */,
			);
			defaultConfigurationIsVisible = 0;
			defaultConfigurationName = Debug;
		};
		8DF4FCDD089CB6AB6C9F28C4 /* Build configuration list for PBXNativeTarget "OYBC" */ = {
			isa = XCConfigurationList;
			buildConfigurations = (
				017A8B55D46C455027C5CBDA /* Debug */,
				2D2075CA2813758686875591 /* Release */,
			);
			defaultConfigurationIsVisible = 0;
			defaultConfigurationName = Debug;
		};
		D57E4A84D33E00E3AD508C4A /* Build configuration list for PBXProject "OYBC" */ = {
			isa = XCConfigurationList;
			buildConfigurations = (
				215EC22441C791B6AF332560 /* Debug */,
				FA3A2B7F481A4A2A2E1B08DF /* Release */,
			);
			defaultConfigurationIsVisible = 0;
			defaultConfigurationName = Debug;
		};
/* End XCConfigurationList section */

/* Begin XCRemoteSwiftPackageReference section */
		63C5754F3131857FB77E7F13 /* XCRemoteSwiftPackageReference "firebase-ios-sdk" */ = {
			isa = XCRemoteSwiftPackageReference;
			repositoryURL = "https://github.com/firebase/firebase-ios-sdk";
			requirement = {
				kind = upToNextMajorVersion;
				minimumVersion = 11.0.0;
			};
		};
		79E5F34F611D045523BAC683 /* XCRemoteSwiftPackageReference "GRDB.swift" */ = {
			isa = XCRemoteSwiftPackageReference;
			repositoryURL = "https://github.com/groue/GRDB.swift.git";
			requirement = {
				kind = upToNextMajorVersion;
				minimumVersion = 6.24.0;
			};
		};
		DD961413FF6BF06CD1601127 /* XCRemoteSwiftPackageReference "GoogleSignIn-iOS" */ = {
			isa = XCRemoteSwiftPackageReference;
			repositoryURL = "https://github.com/google/GoogleSignIn-iOS";
			requirement = {
				kind = upToNextMajorVersion;
				minimumVersion = 8.0.0;
			};
		};
/* End XCRemoteSwiftPackageReference section */

/* Begin XCSwiftPackageProductDependency section */
		63CE473C73B22D4EFDC81AED /* GoogleSignIn */ = {
			isa = XCSwiftPackageProductDependency;
			package = DD961413FF6BF06CD1601127 /* XCRemoteSwiftPackageReference "GoogleSignIn-iOS" */;
			productName = GoogleSignIn;
		};
		91A45F3247DF5222CFEC856D /* FirebaseFirestore */ = {
			isa = XCSwiftPackageProductDependency;
			package = 63C5754F3131857FB77E7F13 /* XCRemoteSwiftPackageReference "firebase-ios-sdk" */;
			productName = FirebaseFirestore;
		};
		C75445B6764BE3BD13B11782 /* FirebaseAuth */ = {
			isa = XCSwiftPackageProductDependency;
			package = 63C5754F3131857FB77E7F13 /* XCRemoteSwiftPackageReference "firebase-ios-sdk" */;
			productName = FirebaseAuth;
		};
		EDD4468E4592EA5DCFBBE66A /* GoogleSignInSwift */ = {
			isa = XCSwiftPackageProductDependency;
			package = DD961413FF6BF06CD1601127 /* XCRemoteSwiftPackageReference "GoogleSignIn-iOS" */;
			productName = GoogleSignInSwift;
		};
		FB60A2471061045431151B6B /* GRDB */ = {
			isa = XCSwiftPackageProductDependency;
			package = 79E5F34F611D045523BAC683 /* XCRemoteSwiftPackageReference "GRDB.swift" */;
			productName = GRDB;
		};
/* End XCSwiftPackageProductDependency section */
	};
	rootObject = FBB7EE1A8E71828D0A20F5BF /* Project object */;
}
