// !$*UTF8*$!
{
	archiveVersion = 1;
	classes = {
	};
	objectVersion = 77;
	objects = {

/* Begin PBXBuildFile section */
		02D2A87C1E28F78EECABD222 /* CountingDerivationPanelView.swift in Sources */ = {isa = PBXBuildFile; fileRef = 1EAF1C5E760E18038C6E53F6 /* CountingDerivationPanelView.swift */; };
		03B8B91B1D8AF8EF6F22A607 /* AchievementSquareBadgeData.swift in Sources */ = {isa = PBXBuildFile; fileRef = BEE590743FB84D4774C6036E /* AchievementSquareBadgeData.swift */; };
		06C17F715FBA9B70E329FB24 /* testDenseLibraryRecurringSomeSelected.1.png in Resources */ = {isa = PBXBuildFile; fileRef = 256164FBAC0E30E6D1B24761 /* testDenseLibraryRecurringSomeSelected.1.png */; };
		0AE43E9BA498F5549E5ED670 /* CreateHubPlayground.swift in Sources */ = {isa = PBXBuildFile; fileRef = 680662C638781DAAFC308939 /* CreateHubPlayground.swift */; };
		0BF5FB181157FCDC92BBD5A2 /* OperatorType.swift in Sources */ = {isa = PBXBuildFile; fileRef = 4DD08A5EA4BACEBCD439A100 /* OperatorType.swift */; };
		0D093F4BF4758E670D2B3DEF /* SyncStatusIndicatorView.swift in Sources */ = {isa = PBXBuildFile; fileRef = 9D72F0CD1196886BF1206F94 /* SyncStatusIndicatorView.swift */; };
		0F8ED5ADB7E9B9BA9AE766B1 /* RecurringBoardSpawnViewModel.swift in Sources */ = {isa = PBXBuildFile; fileRef = A6506B5C60898D47EEB97D97 /* RecurringBoardSpawnViewModel.swift */; };
		159D16051FA8E2923FE9CC84 /* MainTabView.swift in Sources */ = {isa = PBXBuildFile; fileRef = 343B20563EE55E5FA28C5DC2 /* MainTabView.swift */; };
		186A1D072B737FE801C37C7D /* PendingRecurringBoardsViewModel.swift in Sources */ = {isa = PBXBuildFile; fileRef = D405995419454FD4EC82924D /* PendingRecurringBoardsViewModel.swift */; };
		1881054E172F5BD0B8A4C0EA /* BoardWizardView.swift in Sources */ = {isa = PBXBuildFile; fileRef = ECCBF1C8380F30B8C320AABD /* BoardWizardView.swift */; };
		1ACE4018BEAFDD1F5CF0481E /* Task.swift in Sources */ = {isa = PBXBuildFile; fileRef = 149C3CA55D0467096B13D935 /* Task.swift */; };
		1CB298C157E24698713D9FD1 /* testPreviewStepReady.1.png in Resources */ = {isa = PBXBuildFile; fileRef = CC33804E538EF0DF328111DE /* testPreviewStepReady.1.png */; };
		2015EA2FCCA896B9F131C1E7 /* SyncQueueBuilder.swift in Sources */ = {isa = PBXBuildFile; fileRef = 8909013EF9D9767B1F494EAF /* SyncQueueBuilder.swift */; };
		20303A5F782938E9478A07B5 /* TaskLibraryViewModel.swift in Sources */ = {isa = PBXBuildFile; fileRef = 2C781A106EEE50F8886C0DBE /* TaskLibraryViewModel.swift */; };
		27AB929BF4B52E411F6EFA6C /* BoardListView.swift in Sources */ = {isa = PBXBuildFile; fileRef = 5A9B48D659A3517CCA341637 /* BoardListView.swift */; };
		2A3BFD9FD811D080464D7B53 /* BoardSetupFormView.swift in Sources */ = {isa = PBXBuildFile; fileRef = EEB80DC119D8B35159EBEE29 /* BoardSetupFormView.swift */; };
		2ADC58A35212918001314A49 /* BoardWizardTasksStepSnapshotTests.swift in Sources */ = {isa = PBXBuildFile; fileRef = C271A5A53EB2612D1AD7923C /* BoardWizardTasksStepSnapshotTests.swift */; };
		2B72E3B6BD5BBFE30D47FAD6 /* BoardWizardTasksStepView.swift in Sources */ = {isa = PBXBuildFile; fileRef = 593980F6290AA1EFAC50F51F /* BoardWizardTasksStepView.swift */; };
		2C57FCF2046E9E59665819C0 /* BoardListItemView.swift in Sources */ = {isa = PBXBuildFile; fileRef = FA434E50844910E99B885B94 /* BoardListItemView.swift */; };
		2EF19E402C1B931693900274 /* GRDB in Frameworks */ = {isa = PBXBuildFile; productRef = FB60A2471061045431151B6B /* GRDB */; };
		30EA7A3C21C7B0F1A8FF79EF /* RecurringBoards.swift in Sources */ = {isa = PBXBuildFile; fileRef = 66E920683B34BCA199B8339C /* RecurringBoards.swift */; };
		31076B3E117392EE19C21B47 /* testPopulatedActiveAndPaused.1.png in Resources */ = {isa = PBXBuildFile; fileRef = 40D73D9EB1110AD80615DB6D /* testPopulatedActiveAndPaused.1.png */; };
		317AD0B71D2E030E8B0ED036 /* TimeframeBoundaries.swift in Sources */ = {isa = PBXBuildFile; fileRef = E2CF3253817A74C5644618E0 /* TimeframeBoundaries.swift */; };
		3288F958F6EB9B8892D71212 /* RecurringTemplateRowView.swift in Sources */ = {isa = PBXBuildFile; fileRef = 3F30735B168D81776D6F1071 /* RecurringTemplateRowView.swift */; };
		341830015B8D77084D30A879 /* RecurringBoardTemplatesViewModel.swift in Sources */ = {isa = PBXBuildFile; fileRef = C3A0BE07D305533699B717F8 /* RecurringBoardTemplatesViewModel.swift */; };
		348225BAB5290FCCD6E7B411 /* RecurringTemplatesView.swift in Sources */ = {isa = PBXBuildFile; fileRef = 310D59B3C2E057704E9B0BE5 /* RecurringTemplatesView.swift */; };
		34CD652D040F6B6899F3D228 /* BoardWizardPreviewStepView.swift in Sources */ = {isa = PBXBuildFile; fileRef = 8A29E6A87BB117849FD5BF74 /* BoardWizardPreviewStepView.swift */; };
		368453F3228B6981B1C9E500 /* SyncDashboardPlayground.swift in Sources */ = {isa = PBXBuildFile; fileRef = F30F6D8151D9EDB04EF26A15 /* SyncDashboardPlayground.swift */; };
		37624F99D990B4337BC5C84F /* OYBCApp.swift in Sources */ = {isa = PBXBuildFile; fileRef = C9AA2CED78BAF3773BDB4359 /* OYBCApp.swift */; };
		385DD3AF707F8A87CB285762 /* BingoBoard.swift in Sources */ = {isa = PBXBuildFile; fileRef = 49E7346F9B1FE13C5A6C2E1E /* BingoBoard.swift */; };
		3A567A23BA7F02A074F94926 /* BoardWizardViewModel.swift in Sources */ = {isa = PBXBuildFile; fileRef = 930B21C71FAB0140E9BE5960 /* BoardWizardViewModel.swift */; };
		3C523FE7122A485435C16813 /* RecurringBoardsTests.swift in Sources */ = {isa = PBXBuildFile; fileRef = B31EFBC131E94BA5D5BB91DB /* RecurringBoardsTests.swift */; };
		3D1E96D35DF0BF6B1DE02EB4 /* Schema.sql in Resources */ = {isa = PBXBuildFile; fileRef = B70713D5FB25DE3392CD3CEE /* Schema.sql */; };
		3EC35293B2C1A69FB060892D /* BoardPlayView.swift in Sources */ = {isa = PBXBuildFile; fileRef = 6DEA8E9D24B3205D81595221 /* BoardPlayView.swift */; };
		3F0133D50CA012B18E39F315 /* ParentBoardTasksViewModel.swift in Sources */ = {isa = PBXBuildFile; fileRef = 04738FB0C98055765804ADFB /* ParentBoardTasksViewModel.swift */; };
		40223EBA0D9B7B25CCB1931A /* PlaygroundUtils.swift in Sources */ = {isa = PBXBuildFile; fileRef = 52DCD0346F7F3A37DB243153 /* PlaygroundUtils.swift */; };
		40892F014248FEB42D61A04F /* NewTaskSheetView.swift in Sources */ = {isa = PBXBuildFile; fileRef = CF19FE3B77ABFB68CA53CE2C /* NewTaskSheetView.swift */; };
		40F604ECC0A608EED7738FF3 /* PendingCoreBoardsSectionView.swift in Sources */ = {isa = PBXBuildFile; fileRef = BA16533FF3233DF0CDE0769C /* PendingCoreBoardsSectionView.swift */; };
		424BD56EE6534A63D8525F5F /* testSectionSingleDailyEntry.1.png in Resources */ = {isa = PBXBuildFile; fileRef = FD95095EB869DABF66F74D56 /* testSectionSingleDailyEntry.1.png */; };
		438A0AA94D62EDB29E734FA0 /* CompoundEvaluationTests.swift in Sources */ = {isa = PBXBuildFile; fileRef = 1BE4A2078E0FB711D2CC4E47 /* CompoundEvaluationTests.swift */; };
		441C5B2BAC4E663AED8969B2 /* BoardWizardPersist.swift in Sources */ = {isa = PBXBuildFile; fileRef = 59C7E61CA9243686BBA1D7FB /* BoardWizardPersist.swift */; };
		46F0A1928DCA14C0C40C1AE5 /* RecurringBoardTemplate.swift in Sources */ = {isa = PBXBuildFile; fileRef = 891B25AE4C8C98DE438088C7 /* RecurringBoardTemplate.swift */; };
		499AC75DE1C0EA26F00550C6 /* InteractiveTaskSquareBadgeSnapshotTests.swift in Sources */ = {isa = PBXBuildFile; fileRef = 28C6A8B82994B5105FD7B745 /* InteractiveTaskSquareBadgeSnapshotTests.swift */; };
		4B2B6ED94B59B66095A2A7F4 /* ContentView.swift in Sources */ = {isa = PBXBuildFile; fileRef = 4ADD7157FF545AFEC6EF9588 /* ContentView.swift */; };
		4CE4469DBCB98384521C8165 /* FilterTabsView.swift in Sources */ = {isa = PBXBuildFile; fileRef = 5D6F0E5CF170B026EF76D520 /* FilterTabsView.swift */; };
		50CA8B52D842362E4702E526 /* BoardPreferencesView.swift in Sources */ = {isa = PBXBuildFile; fileRef = A0CF50310EFCCFABC8B74CF4 /* BoardPreferencesView.swift */; };
		51870B5D912C9DEF088A30A7 /* GoogleSignInSwift in Frameworks */ = {isa = PBXBuildFile; productRef = EDD4468E4592EA5DCFBBE66A /* GoogleSignInSwift */; };
		5980D09CC9D150A4D3BF0CD1 /* CounterStepperView.swift in Sources */ = {isa = PBXBuildFile; fileRef = 5E3E716EE694B3552051ECF6 /* CounterStepperView.swift */; };
		5BBF160330B3C5EBABCE096B /* CenterSquare.swift in Sources */ = {isa = PBXBuildFile; fileRef = 4F879A103A0FE383E497F464 /* CenterSquare.swift */; };
		5C10233862C940278117FC55 /* CompositeSubtaskItem.swift in Sources */ = {isa = PBXBuildFile; fileRef = 723C18709D8FC62D7DC036A7 /* CompositeSubtaskItem.swift */; };
		5C2D41E4AAD6F8F30FAF9B67 /* OYBCTests.swift in Sources */ = {isa = PBXBuildFile; fileRef = 2822E1DBF15699974C2F70C5 /* OYBCTests.swift */; };
		619A5E4D57F256C847CC9A50 /* SyncQueue.swift in Sources */ = {isa = PBXBuildFile; fileRef = 0436CC51A477FF70932A9546 /* SyncQueue.swift */; };
		62B6681E15366A8DFDF4BD91 /* ProgressDerivationPanelView.swift in Sources */ = {isa = PBXBuildFile; fileRef = 18B60E3F0ADD35659E672AC1 /* ProgressDerivationPanelView.swift */; };
		64146A06D2B82514FF381B8D /* DerivationPass.swift in Sources */ = {isa = PBXBuildFile; fileRef = 085F1D48B28D5DF264475FBF /* DerivationPass.swift */; };
		64BCFBAA10D300F11C77EF1E /* FirebaseFirestore in Frameworks */ = {isa = PBXBuildFile; productRef = 91A45F3247DF5222CFEC856D /* FirebaseFirestore */; };
		65C7E118420B01458C027597 /* testBadge_RecurringTemplate.1.png in Resources */ = {isa = PBXBuildFile; fileRef = 8B10DD2985C2D528B595B446 /* testBadge_RecurringTemplate.1.png */; };
		696C0270DF259F921664659B /* CreateHubSnapshotTests.swift in Sources */ = {isa = PBXBuildFile; fileRef = CEBFFC64669C54DF01A411E8 /* CreateHubSnapshotTests.swift */; };
		6B2D64AB8A156C3B1F51E5E7 /* BoardWizardStepperView.swift in Sources */ = {isa = PBXBuildFile; fileRef = 4AC864D14C267E191CEA0A30 /* BoardWizardStepperView.swift */; };
		6BF9AEAC77D9F447A5B9A82A /* RecurringBoardTemplatesTests.swift in Sources */ = {isa = PBXBuildFile; fileRef = 83425D282C8DE9AD622750C6 /* RecurringBoardTemplatesTests.swift */; };
		6C2E9BF2485F8D4F73D077E0 /* RecurringBoardTemplates.swift in Sources */ = {isa = PBXBuildFile; fileRef = 34C1E82551617CF266DF7085 /* RecurringBoardTemplates.swift */; };
		6F438204BAE34451A7DECFCD /* CycleDetection.swift in Sources */ = {isa = PBXBuildFile; fileRef = 9F714DD146988F2C085D5EA4 /* CycleDetection.swift */; };
		702FC5982D5FCC791B4912DC /* testDenseLibraryCenterTaskMode.1.png in Resources */ = {isa = PBXBuildFile; fileRef = AC3286F0E4FFDA045CA8BBE5 /* testDenseLibraryCenterTaskMode.1.png */; };
		727E408F7B9D151588B89A3E /* CompositeSubtaskCardView.swift in Sources */ = {isa = PBXBuildFile; fileRef = 3C5C0E05C2992D5367E4DFF6 /* CompositeSubtaskCardView.swift */; };
		73FEA31DFBD72C8B2E3173C5 /* testPreviewStepRecurring.1.png in Resources */ = {isa = PBXBuildFile; fileRef = C492F972D8DDACDCB86592D5 /* testPreviewStepRecurring.1.png */; };
		791DEFB79CC96B53EB75A769 /* OperatorSelectorView.swift in Sources */ = {isa = PBXBuildFile; fileRef = 16692D5EE31A40B7686E3C2E /* OperatorSelectorView.swift */; };
		79AFC76C8AE9E5A02354E0A2 /* FirebaseAuth in Frameworks */ = {isa = PBXBuildFile; productRef = C75445B6764BE3BD13B11782 /* FirebaseAuth */; };
		7B6F43DDCF8D46933298EDA3 /* SnapshotFixtures.swift in Sources */ = {isa = PBXBuildFile; fileRef = 201D8F0D441E72C6B7514848 /* SnapshotFixtures.swift */; };
		7BC1B934789723C65B0C1AC7 /* BoardWizardSetupStepView.swift in Sources */ = {isa = PBXBuildFile; fileRef = 3305697412B4359823BA88B5 /* BoardWizardSetupStepView.swift */; };
		7EBED53666C32A371D133AE7 /* testBadge_SpecificBoardCompleted.1.png in Resources */ = {isa = PBXBuildFile; fileRef = 724B1E916C049BE96B6D781B /* testBadge_SpecificBoardCompleted.1.png */; };
		81A7E4DCA9CA0233BCD06969 /* SyncRetryTests.swift in Sources */ = {isa = PBXBuildFile; fileRef = 7622ACC5ABC293169A87A118 /* SyncRetryTests.swift */; };
		82482EA7C8020E1CFF28D5EC /* ProfileView.swift in Sources */ = {isa = PBXBuildFile; fileRef = A3BC179DE0E837C8B5BCD843 /* ProfileView.swift */; };
		864E873B95F5624260B64422 /* CompositeWizardReviewStepView.swift in Sources */ = {isa = PBXBuildFile; fileRef = EA86B8DF5509A4724E214EEF /* CompositeWizardReviewStepView.swift */; };
		88AC024943E462F0AF5F00B8 /* GoogleSignIn in Frameworks */ = {isa = PBXBuildFile; productRef = 63CE473C73B22D4EFDC81AED /* GoogleSignIn */; };
		8A71A65F7FD101728EDFEA0F /* AuthService.swift in Sources */ = {isa = PBXBuildFile; fileRef = 7C17DCB793B0A1C7A6A2519C /* AuthService.swift */; };
		91DC0DD49EF51BDCC8DE2082 /* RecurringTemplatesProfileSnapshotTests.swift in Sources */ = {isa = PBXBuildFile; fileRef = 576781BAC8BE6492841883BB /* RecurringTemplatesProfileSnapshotTests.swift */; };
		91DCD3D2A6FE6E3DBF3DFAA7 /* BoardWizardTasksPlayground.swift in Sources */ = {isa = PBXBuildFile; fileRef = D1CCBCA944A05CE8E162623D /* BoardWizardTasksPlayground.swift */; };
		954145DABD1091A49880E115 /* CreateHubBoardCTAView.swift in Sources */ = {isa = PBXBuildFile; fileRef = 4F9A279CE019AF205A34B7CE /* CreateHubBoardCTAView.swift */; };
		955A555550D76FE34F510E45 /* SyncQueueMaintenanceTests.swift in Sources */ = {isa = PBXBuildFile; fileRef = 6FD904B6FD6BEEB84E59BB51 /* SyncQueueMaintenanceTests.swift */; };
		9838B30A36130BE20CD53345 /* testSectionAllFourEntriesJan1BoardsTab.1.png in Resources */ = {isa = PBXBuildFile; fileRef = 857BCD379FBDCA311611C5BC /* testSectionAllFourEntriesJan1BoardsTab.1.png */; };
		98FC1FC89C04B110DE933FFF /* DateFormatting.swift in Sources */ = {isa = PBXBuildFile; fileRef = A0CB0EA87156513D6744FDB3 /* DateFormatting.swift */; };
		9C24CDBF218203559E063F7F /* User.swift in Sources */ = {isa = PBXBuildFile; fileRef = 4B55F24D17BE0A2E4D024288 /* User.swift */; };
		9CB2FC3CE854553C50874F2E /* CompoundEvaluation.swift in Sources */ = {isa = PBXBuildFile; fileRef = C1B2C5598136DD61C84DE532 /* CompoundEvaluation.swift */; };
		9CFB0C8623103103E895A83D /* ProgressStepRowView.swift in Sources */ = {isa = PBXBuildFile; fileRef = A5D833627B1CDD7BE3E829AC /* ProgressStepRowView.swift */; };
		9EC098A8D82C67AE8317B789 /* BingoDetectionTests.swift in Sources */ = {isa = PBXBuildFile; fileRef = 791E6CDDB7581B4C523DAF31 /* BingoDetectionTests.swift */; };
		9ECE28E0A8E7C648C808CD01 /* AppDatabase.swift in Sources */ = {isa = PBXBuildFile; fileRef = 1B37DB9688050E788877CC59 /* AppDatabase.swift */; };
		9F0D8D9AA79597CE605BD66A /* Board.swift in Sources */ = {isa = PBXBuildFile; fileRef = 73F91261A5D2B914C87A9E59 /* Board.swift */; };
		A3FBDF82011C7F6ED8D3F7C5 /* PlaygroundView.swift in Sources */ = {isa = PBXBuildFile; fileRef = 032F40E3064154C5E3108AB4 /* PlaygroundView.swift */; };
		A4D761B3D3CB7A3326F7B11F /* TaskSquareActionsPlayground.swift in Sources */ = {isa = PBXBuildFile; fileRef = FA364CFC7AE1782BC3F5A635 /* TaskSquareActionsPlayground.swift */; };
		A513A452649ABD308E2E1849 /* testHubLanding.1.png in Resources */ = {isa = PBXBuildFile; fileRef = 27680C319099CDAB161A6E95 /* testHubLanding.1.png */; };
		A6587A770CE6BA5A3F726513 /* BoardTask.swift in Sources */ = {isa = PBXBuildFile; fileRef = 854FEF8734BD37239F0A8462 /* BoardTask.swift */; };
		A6F3DCD9274923158442DA36 /* BingoDetection.swift in Sources */ = {isa = PBXBuildFile; fileRef = 476EB8034735B0ACC9032FA9 /* BingoDetection.swift */; };
		AD7B6745F16D74F4733FF545 /* TypeBadgeView.swift in Sources */ = {isa = PBXBuildFile; fileRef = 37AE86E7BE2C5A2C66BEB50A /* TypeBadgeView.swift */; };
		B0A090A23437AFB103276BD1 /* BoardWizardCancelDialogView.swift in Sources */ = {isa = PBXBuildFile; fileRef = 4F5CE3737436A2FDB380CACA /* BoardWizardCancelDialogView.swift */; };
		B2FCC0C6923A5FD1DD19A429 /* BingoSquare.swift in Sources */ = {isa = PBXBuildFile; fileRef = 34742747DBBD390A07DC633A /* BingoSquare.swift */; };
		B4A0265ED693ACB1A8B81E95 /* CreateNewTaskFormView.swift in Sources */ = {isa = PBXBuildFile; fileRef = 5E1FF0E9814EFB0A5528E12B /* CreateNewTaskFormView.swift */; };
		B602C002BA5E808B589A6CAD /* AuthGateView.swift in Sources */ = {isa = PBXBuildFile; fileRef = 36BFCB077AA954687C6EFED5 /* AuthGateView.swift */; };
		BCABB5A98C5F5AC253DF38F7 /* CompositeWizardBuildStepView.swift in Sources */ = {isa = PBXBuildFile; fileRef = BE06FD16D90C84B07EE47F7D /* CompositeWizardBuildStepView.swift */; };
		BCF35E5F81FB0CBF7E44960F /* UserPreferencesCodableTests.swift in Sources */ = {isa = PBXBuildFile; fileRef = 0B0B38321FC596D67DEBCAAB /* UserPreferencesCodableTests.swift */; };
		BD7E816390E48BAA75582B89 /* ShuffleTests.swift in Sources */ = {isa = PBXBuildFile; fileRef = 5F3A20C9A74AF6B70C127B13 /* ShuffleTests.swift */; };
		BF25DF0D1007E0448FC56801 /* CreateFormViewModel.swift in Sources */ = {isa = PBXBuildFile; fileRef = 01DCC1B869DCD626A926C690 /* CreateFormViewModel.swift */; };
		C04DDC156AB5BC113E64D216 /* CompoundChild.swift in Sources */ = {isa = PBXBuildFile; fileRef = BA63CF08D3413429AC5B9DCB /* CompoundChild.swift */; };
		C0A46EFF73CDF0023708C549 /* SyncService.swift in Sources */ = {isa = PBXBuildFile; fileRef = 08F0A3E6144798AD80EB9DAF /* SyncService.swift */; };
		C21D1CB5B562EFAD0E9AECB9 /* DerivationPassTests.swift in Sources */ = {isa = PBXBuildFile; fileRef = EEA091BEC9F9DE7F7EDCC979 /* DerivationPassTests.swift */; };
		C2C8D744E19FC1CC95F72D96 /* SelectableTaskItemView.swift in Sources */ = {isa = PBXBuildFile; fileRef = 397644A1686EEC49F1E7C294 /* SelectableTaskItemView.swift */; };
		C3B8B4FD9C30EBC428EC52E6 /* CountingStepFieldsView.swift in Sources */ = {isa = PBXBuildFile; fileRef = F6FAE48D69EF28D353EBD10A /* CountingStepFieldsView.swift */; };
		C5DAC2DD6C247A8B43C043F5 /* BoardStatusBadgeView.swift in Sources */ = {isa = PBXBuildFile; fileRef = 4B7F89E61CAB57BA23FDB94E /* BoardStatusBadgeView.swift */; };
		C6806883CA75A4506C5111EE /* CompositeWizardSetupStepView.swift in Sources */ = {isa = PBXBuildFile; fileRef = D5F9D8CAE934036DAC767707 /* CompositeWizardSetupStepView.swift */; };
		CBFE1E049D38265BF9EA2970 /* CountingTemplatePickerView.swift in Sources */ = {isa = PBXBuildFile; fileRef = 7241CCA5EB6FB2CACBC94EF6 /* CountingTemplatePickerView.swift */; };
		CE63ACD37CD28AA97C9DEA1E /* RecurringBoardSpawn.swift in Sources */ = {isa = PBXBuildFile; fileRef = 14228E76A2DE23D976EB65E8 /* RecurringBoardSpawn.swift */; };
		D0A7A735CA34B7C32934CD5D /* testBadge_CompoundTask_SuppressesCBadge.1.png in Resources */ = {isa = PBXBuildFile; fileRef = 09ECA22A892C3BE7AE008A66 /* testBadge_CompoundTask_SuppressesCBadge.1.png */; };
		D22F9EEAD5656FF2E8D54581 /* testDenseLibraryUnselected.1.png in Resources */ = {isa = PBXBuildFile; fileRef = 9CC5D387F2397A3984CF5FF2 /* testDenseLibraryUnselected.1.png */; };
		D336AF91899FCE267F6DA20C /* testDenseLibrarySomeSelected.1.png in Resources */ = {isa = PBXBuildFile; fileRef = E8D39996B07C2272CFEC6722 /* testDenseLibrarySomeSelected.1.png */; };
		E0894E4DE72A0307D028E9C8 /* CreateHubDraftsListView.swift in Sources */ = {isa = PBXBuildFile; fileRef = 8E3F18DF150886C6CA0F36DD /* CreateHubDraftsListView.swift */; };
		E27C09807DF5D732E529AE89 /* CompositeWizardStepperView.swift in Sources */ = {isa = PBXBuildFile; fileRef = CF6C5CF30F9EEAB97A38E460 /* CompositeWizardStepperView.swift */; };
		E38CBB90376A70A6449AC357 /* testEmptyLibrary.1.png in Resources */ = {isa = PBXBuildFile; fileRef = 4B67B15D6F63F340F5E5B72C /* testEmptyLibrary.1.png */; };
		E7CBCC86ED6FE4F15EDE9917 /* ProgressCounter.swift in Sources */ = {isa = PBXBuildFile; fileRef = DBBE3843E4352198EC48EA98 /* ProgressCounter.swift */; };
		EB546963E080BD0C7D5EDDBD /* Shuffle.swift in Sources */ = {isa = PBXBuildFile; fileRef = 6C9306B223CFC8FBAFCBADE7 /* Shuffle.swift */; };
		EC4D7D74EF488E9483EC2FFC /* CycleDetectionTests.swift in Sources */ = {isa = PBXBuildFile; fileRef = 0EB4FF22AFFCA34D5F53426C /* CycleDetectionTests.swift */; };
		EE8923EC70C290866809AF19 /* CreateHubView.swift in Sources */ = {isa = PBXBuildFile; fileRef = 672279842817679C05C429E7 /* CreateHubView.swift */; };
		F0694A95CA4976DB767F809D /* CompositeTaskWizardView.swift in Sources */ = {isa = PBXBuildFile; fileRef = F5C010E67EB720199154237F /* CompositeTaskWizardView.swift */; };
		F3B644B5DC92BE978EDF7587 /* MigrationV7Helpers.swift in Sources */ = {isa = PBXBuildFile; fileRef = 441C991C95FE9AD4EFFA2636 /* MigrationV7Helpers.swift */; };
		F3ED03435414495FE552C7E6 /* CreateHubQuickAddView.swift in Sources */ = {isa = PBXBuildFile; fileRef = EF9C17BB21071F97A30D23C3 /* CreateHubQuickAddView.swift */; };
		F520EAF2A234007AFB744072 /* InteractiveTaskSquareView.swift in Sources */ = {isa = PBXBuildFile; fileRef = F7E74B041346356A3B771F07 /* InteractiveTaskSquareView.swift */; };
		F5E2465F70AE719F0B3757D6 /* NetworkMonitor.swift in Sources */ = {isa = PBXBuildFile; fileRef = 57E4812F35B465F49A15FFAB /* NetworkMonitor.swift */; };
		F88AA4099C8847C184B66D45 /* BoardWizardStepsSnapshotTests.swift in Sources */ = {isa = PBXBuildFile; fileRef = EF0197805BBDEC8D2A8EE5BD /* BoardWizardStepsSnapshotTests.swift */; };
		F98EB90185F0E4C7C64D6651 /* SnapshotTesting in Frameworks */ = {isa = PBXBuildFile; productRef = C3BA9BA6F9A98F86FE90C42D /* SnapshotTesting */; };
		F9FB7176671700EFA81BA5F7 /* GoogleService-Info.plist in Resources */ = {isa = PBXBuildFile; fileRef = 09679BD66A6C0F577D3B4EDD /* GoogleService-Info.plist */; };
		F9FC8D4C7C7651E6A4FC2CC1 /* testSectionAllFourEntriesJan1CreateTab.1.png in Resources */ = {isa = PBXBuildFile; fileRef = 6C71FB3BBBD0F89A28E130C6 /* testSectionAllFourEntriesJan1CreateTab.1.png */; };
		FA3834B42E87C76E647113FF /* RecurringBoardsSnapshotTests.swift in Sources */ = {isa = PBXBuildFile; fileRef = ED723FA5355D6C5E4952B79D /* RecurringBoardsSnapshotTests.swift */; };
		FDD899F966D69F4B39AFE8AD /* SubtaskChipView.swift in Sources */ = {isa = PBXBuildFile; fileRef = 6AAEEFFDD3526743C95A13D7 /* SubtaskChipView.swift */; };
		FE2AA97E854569BAF2DFAE62 /* TaskTypeSelectorView.swift in Sources */ = {isa = PBXBuildFile; fileRef = DCE6F8AAD4860D11D04DF12E /* TaskTypeSelectorView.swift */; };
/* End PBXBuildFile section */

/* Begin PBXContainerItemProxy section */
		88B85815CCDBC2339FCDF0F9 /* PBXContainerItemProxy */ = {
			isa = PBXContainerItemProxy;
			containerPortal = FBB7EE1A8E71828D0A20F5BF /* Project object */;
			proxyType = 1;
			remoteGlobalIDString = 649ED9C362239F55CE47277B;
			remoteInfo = OYBC;
		};
		A528113FEA58D850CBC362C3 /* PBXContainerItemProxy */ = {
			isa = PBXContainerItemProxy;
			containerPortal = FBB7EE1A8E71828D0A20F5BF /* Project object */;
			proxyType = 1;
			remoteGlobalIDString = 649ED9C362239F55CE47277B;
			remoteInfo = OYBC;
		};
/* End PBXContainerItemProxy section */

/* Begin PBXFileReference section */
		01DCC1B869DCD626A926C690 /* CreateFormViewModel.swift */ = {isa = PBXFileReference; lastKnownFileType = sourcecode.swift; path = CreateFormViewModel.swift; sourceTree = "<group>"; };
		032F40E3064154C5E3108AB4 /* PlaygroundView.swift */ = {isa = PBXFileReference; lastKnownFileType = sourcecode.swift; path = PlaygroundView.swift; sourceTree = "<group>"; };
		0436CC51A477FF70932A9546 /* SyncQueue.swift */ = {isa = PBXFileReference; lastKnownFileType = sourcecode.swift; path = SyncQueue.swift; sourceTree = "<group>"; };
		04738FB0C98055765804ADFB /* ParentBoardTasksViewModel.swift */ = {isa = PBXFileReference; lastKnownFileType = sourcecode.swift; path = ParentBoardTasksViewModel.swift; sourceTree = "<group>"; };
		085F1D48B28D5DF264475FBF /* DerivationPass.swift */ = {isa = PBXFileReference; lastKnownFileType = sourcecode.swift; path = DerivationPass.swift; sourceTree = "<group>"; };
		08F0A3E6144798AD80EB9DAF /* SyncService.swift */ = {isa = PBXFileReference; lastKnownFileType = sourcecode.swift; path = SyncService.swift; sourceTree = "<group>"; };
		09679BD66A6C0F577D3B4EDD /* GoogleService-Info.plist */ = {isa = PBXFileReference; lastKnownFileType = text.plist; path = "GoogleService-Info.plist"; sourceTree = "<group>"; };
		09ECA22A892C3BE7AE008A66 /* testBadge_CompoundTask_SuppressesCBadge.1.png */ = {isa = PBXFileReference; lastKnownFileType = image.png; path = testBadge_CompoundTask_SuppressesCBadge.1.png; sourceTree = "<group>"; };
		0B0B38321FC596D67DEBCAAB /* UserPreferencesCodableTests.swift */ = {isa = PBXFileReference; lastKnownFileType = sourcecode.swift; path = UserPreferencesCodableTests.swift; sourceTree = "<group>"; };
		0EB4FF22AFFCA34D5F53426C /* CycleDetectionTests.swift */ = {isa = PBXFileReference; lastKnownFileType = sourcecode.swift; path = CycleDetectionTests.swift; sourceTree = "<group>"; };
		122F83127D65EB023917FFAB /* Info.plist */ = {isa = PBXFileReference; lastKnownFileType = text.plist; path = Info.plist; sourceTree = "<group>"; };
		14228E76A2DE23D976EB65E8 /* RecurringBoardSpawn.swift */ = {isa = PBXFileReference; lastKnownFileType = sourcecode.swift; path = RecurringBoardSpawn.swift; sourceTree = "<group>"; };
		149C3CA55D0467096B13D935 /* Task.swift */ = {isa = PBXFileReference; lastKnownFileType = sourcecode.swift; path = Task.swift; sourceTree = "<group>"; };
		16692D5EE31A40B7686E3C2E /* OperatorSelectorView.swift */ = {isa = PBXFileReference; lastKnownFileType = sourcecode.swift; path = OperatorSelectorView.swift; sourceTree = "<group>"; };
		16B24FB7FF9CEDD9A319B968 /* OYBCTests.xctest */ = {isa = PBXFileReference; includeInIndex = 0; lastKnownFileType = wrapper.cfbundle; path = OYBCTests.xctest; sourceTree = BUILT_PRODUCTS_DIR; };
		18B60E3F0ADD35659E672AC1 /* ProgressDerivationPanelView.swift */ = {isa = PBXFileReference; lastKnownFileType = sourcecode.swift; path = ProgressDerivationPanelView.swift; sourceTree = "<group>"; };
		1B37DB9688050E788877CC59 /* AppDatabase.swift */ = {isa = PBXFileReference; lastKnownFileType = sourcecode.swift; path = AppDatabase.swift; sourceTree = "<group>"; };
		1BE4A2078E0FB711D2CC4E47 /* CompoundEvaluationTests.swift */ = {isa = PBXFileReference; lastKnownFileType = sourcecode.swift; path = CompoundEvaluationTests.swift; sourceTree = "<group>"; };
		1EAF1C5E760E18038C6E53F6 /* CountingDerivationPanelView.swift */ = {isa = PBXFileReference; lastKnownFileType = sourcecode.swift; path = CountingDerivationPanelView.swift; sourceTree = "<group>"; };
		201D8F0D441E72C6B7514848 /* SnapshotFixtures.swift */ = {isa = PBXFileReference; lastKnownFileType = sourcecode.swift; path = SnapshotFixtures.swift; sourceTree = "<group>"; };
		256164FBAC0E30E6D1B24761 /* testDenseLibraryRecurringSomeSelected.1.png */ = {isa = PBXFileReference; lastKnownFileType = image.png; path = testDenseLibraryRecurringSomeSelected.1.png; sourceTree = "<group>"; };
		27680C319099CDAB161A6E95 /* testHubLanding.1.png */ = {isa = PBXFileReference; lastKnownFileType = image.png; path = testHubLanding.1.png; sourceTree = "<group>"; };
		2822E1DBF15699974C2F70C5 /* OYBCTests.swift */ = {isa = PBXFileReference; lastKnownFileType = sourcecode.swift; path = OYBCTests.swift; sourceTree = "<group>"; };
		28C6A8B82994B5105FD7B745 /* InteractiveTaskSquareBadgeSnapshotTests.swift */ = {isa = PBXFileReference; lastKnownFileType = sourcecode.swift; path = InteractiveTaskSquareBadgeSnapshotTests.swift; sourceTree = "<group>"; };
		2C781A106EEE50F8886C0DBE /* TaskLibraryViewModel.swift */ = {isa = PBXFileReference; lastKnownFileType = sourcecode.swift; path = TaskLibraryViewModel.swift; sourceTree = "<group>"; };
		310D59B3C2E057704E9B0BE5 /* RecurringTemplatesView.swift */ = {isa = PBXFileReference; lastKnownFileType = sourcecode.swift; path = RecurringTemplatesView.swift; sourceTree = "<group>"; };
		3305697412B4359823BA88B5 /* BoardWizardSetupStepView.swift */ = {isa = PBXFileReference; lastKnownFileType = sourcecode.swift; path = BoardWizardSetupStepView.swift; sourceTree = "<group>"; };
		343B20563EE55E5FA28C5DC2 /* MainTabView.swift */ = {isa = PBXFileReference; lastKnownFileType = sourcecode.swift; path = MainTabView.swift; sourceTree = "<group>"; };
		34742747DBBD390A07DC633A /* BingoSquare.swift */ = {isa = PBXFileReference; lastKnownFileType = sourcecode.swift; path = BingoSquare.swift; sourceTree = "<group>"; };
		34C1E82551617CF266DF7085 /* RecurringBoardTemplates.swift */ = {isa = PBXFileReference; lastKnownFileType = sourcecode.swift; path = RecurringBoardTemplates.swift; sourceTree = "<group>"; };
		36BFCB077AA954687C6EFED5 /* AuthGateView.swift */ = {isa = PBXFileReference; lastKnownFileType = sourcecode.swift; path = AuthGateView.swift; sourceTree = "<group>"; };
		37AE86E7BE2C5A2C66BEB50A /* TypeBadgeView.swift */ = {isa = PBXFileReference; lastKnownFileType = sourcecode.swift; path = TypeBadgeView.swift; sourceTree = "<group>"; };
		397644A1686EEC49F1E7C294 /* SelectableTaskItemView.swift */ = {isa = PBXFileReference; lastKnownFileType = sourcecode.swift; path = SelectableTaskItemView.swift; sourceTree = "<group>"; };
		3C5C0E05C2992D5367E4DFF6 /* CompositeSubtaskCardView.swift */ = {isa = PBXFileReference; lastKnownFileType = sourcecode.swift; path = CompositeSubtaskCardView.swift; sourceTree = "<group>"; };
		3F30735B168D81776D6F1071 /* RecurringTemplateRowView.swift */ = {isa = PBXFileReference; lastKnownFileType = sourcecode.swift; path = RecurringTemplateRowView.swift; sourceTree = "<group>"; };
		40D73D9EB1110AD80615DB6D /* testPopulatedActiveAndPaused.1.png */ = {isa = PBXFileReference; lastKnownFileType = image.png; path = testPopulatedActiveAndPaused.1.png; sourceTree = "<group>"; };
		441C991C95FE9AD4EFFA2636 /* MigrationV7Helpers.swift */ = {isa = PBXFileReference; lastKnownFileType = sourcecode.swift; path = MigrationV7Helpers.swift; sourceTree = "<group>"; };
		476EB8034735B0ACC9032FA9 /* BingoDetection.swift */ = {isa = PBXFileReference; lastKnownFileType = sourcecode.swift; path = BingoDetection.swift; sourceTree = "<group>"; };
		49E7346F9B1FE13C5A6C2E1E /* BingoBoard.swift */ = {isa = PBXFileReference; lastKnownFileType = sourcecode.swift; path = BingoBoard.swift; sourceTree = "<group>"; };
		4AC864D14C267E191CEA0A30 /* BoardWizardStepperView.swift */ = {isa = PBXFileReference; lastKnownFileType = sourcecode.swift; path = BoardWizardStepperView.swift; sourceTree = "<group>"; };
		4ADD7157FF545AFEC6EF9588 /* ContentView.swift */ = {isa = PBXFileReference; lastKnownFileType = sourcecode.swift; path = ContentView.swift; sourceTree = "<group>"; };
		4B55F24D17BE0A2E4D024288 /* User.swift */ = {isa = PBXFileReference; lastKnownFileType = sourcecode.swift; path = User.swift; sourceTree = "<group>"; };
		4B67B15D6F63F340F5E5B72C /* testEmptyLibrary.1.png */ = {isa = PBXFileReference; lastKnownFileType = image.png; path = testEmptyLibrary.1.png; sourceTree = "<group>"; };
		4B7F89E61CAB57BA23FDB94E /* BoardStatusBadgeView.swift */ = {isa = PBXFileReference; lastKnownFileType = sourcecode.swift; path = BoardStatusBadgeView.swift; sourceTree = "<group>"; };
		4C85054E57A078D4AAEC7EB6 /* OYBC.app */ = {isa = PBXFileReference; includeInIndex = 0; lastKnownFileType = wrapper.application; path = OYBC.app; sourceTree = BUILT_PRODUCTS_DIR; };
		4DD08A5EA4BACEBCD439A100 /* OperatorType.swift */ = {isa = PBXFileReference; lastKnownFileType = sourcecode.swift; path = OperatorType.swift; sourceTree = "<group>"; };
		4F5CE3737436A2FDB380CACA /* BoardWizardCancelDialogView.swift */ = {isa = PBXFileReference; lastKnownFileType = sourcecode.swift; path = BoardWizardCancelDialogView.swift; sourceTree = "<group>"; };
		4F879A103A0FE383E497F464 /* CenterSquare.swift */ = {isa = PBXFileReference; lastKnownFileType = sourcecode.swift; path = CenterSquare.swift; sourceTree = "<group>"; };
		4F9A279CE019AF205A34B7CE /* CreateHubBoardCTAView.swift */ = {isa = PBXFileReference; lastKnownFileType = sourcecode.swift; path = CreateHubBoardCTAView.swift; sourceTree = "<group>"; };
		52DCD0346F7F3A37DB243153 /* PlaygroundUtils.swift */ = {isa = PBXFileReference; lastKnownFileType = sourcecode.swift; path = PlaygroundUtils.swift; sourceTree = "<group>"; };
		576781BAC8BE6492841883BB /* RecurringTemplatesProfileSnapshotTests.swift */ = {isa = PBXFileReference; lastKnownFileType = sourcecode.swift; path = RecurringTemplatesProfileSnapshotTests.swift; sourceTree = "<group>"; };
		57E4812F35B465F49A15FFAB /* NetworkMonitor.swift */ = {isa = PBXFileReference; lastKnownFileType = sourcecode.swift; path = NetworkMonitor.swift; sourceTree = "<group>"; };
		593980F6290AA1EFAC50F51F /* BoardWizardTasksStepView.swift */ = {isa = PBXFileReference; lastKnownFileType = sourcecode.swift; path = BoardWizardTasksStepView.swift; sourceTree = "<group>"; };
		596BB9E3FF9B2BD21EECCD16 /* OYBC.entitlements */ = {isa = PBXFileReference; lastKnownFileType = text.plist.entitlements; path = OYBC.entitlements; sourceTree = "<group>"; };
		59C7E61CA9243686BBA1D7FB /* BoardWizardPersist.swift */ = {isa = PBXFileReference; lastKnownFileType = sourcecode.swift; path = BoardWizardPersist.swift; sourceTree = "<group>"; };
		5A9B48D659A3517CCA341637 /* BoardListView.swift */ = {isa = PBXFileReference; lastKnownFileType = sourcecode.swift; path = BoardListView.swift; sourceTree = "<group>"; };
		5D6F0E5CF170B026EF76D520 /* FilterTabsView.swift */ = {isa = PBXFileReference; lastKnownFileType = sourcecode.swift; path = FilterTabsView.swift; sourceTree = "<group>"; };
		5E1FF0E9814EFB0A5528E12B /* CreateNewTaskFormView.swift */ = {isa = PBXFileReference; lastKnownFileType = sourcecode.swift; path = CreateNewTaskFormView.swift; sourceTree = "<group>"; };
		5E3E716EE694B3552051ECF6 /* CounterStepperView.swift */ = {isa = PBXFileReference; lastKnownFileType = sourcecode.swift; path = CounterStepperView.swift; sourceTree = "<group>"; };
		5F3A20C9A74AF6B70C127B13 /* ShuffleTests.swift */ = {isa = PBXFileReference; lastKnownFileType = sourcecode.swift; path = ShuffleTests.swift; sourceTree = "<group>"; };
		616264F26C09F071893F1C55 /* OYBCSnapshotTests.xctest */ = {isa = PBXFileReference; includeInIndex = 0; lastKnownFileType = wrapper.cfbundle; path = OYBCSnapshotTests.xctest; sourceTree = BUILT_PRODUCTS_DIR; };
		66E920683B34BCA199B8339C /* RecurringBoards.swift */ = {isa = PBXFileReference; lastKnownFileType = sourcecode.swift; path = RecurringBoards.swift; sourceTree = "<group>"; };
		672279842817679C05C429E7 /* CreateHubView.swift */ = {isa = PBXFileReference; lastKnownFileType = sourcecode.swift; path = CreateHubView.swift; sourceTree = "<group>"; };
		680662C638781DAAFC308939 /* CreateHubPlayground.swift */ = {isa = PBXFileReference; lastKnownFileType = sourcecode.swift; path = CreateHubPlayground.swift; sourceTree = "<group>"; };
		6AAEEFFDD3526743C95A13D7 /* SubtaskChipView.swift */ = {isa = PBXFileReference; lastKnownFileType = sourcecode.swift; path = SubtaskChipView.swift; sourceTree = "<group>"; };
		6C71FB3BBBD0F89A28E130C6 /* testSectionAllFourEntriesJan1CreateTab.1.png */ = {isa = PBXFileReference; lastKnownFileType = image.png; path = testSectionAllFourEntriesJan1CreateTab.1.png; sourceTree = "<group>"; };
		6C9306B223CFC8FBAFCBADE7 /* Shuffle.swift */ = {isa = PBXFileReference; lastKnownFileType = sourcecode.swift; path = Shuffle.swift; sourceTree = "<group>"; };
		6DEA8E9D24B3205D81595221 /* BoardPlayView.swift */ = {isa = PBXFileReference; lastKnownFileType = sourcecode.swift; path = BoardPlayView.swift; sourceTree = "<group>"; };
		6FD904B6FD6BEEB84E59BB51 /* SyncQueueMaintenanceTests.swift */ = {isa = PBXFileReference; lastKnownFileType = sourcecode.swift; path = SyncQueueMaintenanceTests.swift; sourceTree = "<group>"; };
		723C18709D8FC62D7DC036A7 /* CompositeSubtaskItem.swift */ = {isa = PBXFileReference; lastKnownFileType = sourcecode.swift; path = CompositeSubtaskItem.swift; sourceTree = "<group>"; };
		7241CCA5EB6FB2CACBC94EF6 /* CountingTemplatePickerView.swift */ = {isa = PBXFileReference; lastKnownFileType = sourcecode.swift; path = CountingTemplatePickerView.swift; sourceTree = "<group>"; };
		724B1E916C049BE96B6D781B /* testBadge_SpecificBoardCompleted.1.png */ = {isa = PBXFileReference; lastKnownFileType = image.png; path = testBadge_SpecificBoardCompleted.1.png; sourceTree = "<group>"; };
		73F91261A5D2B914C87A9E59 /* Board.swift */ = {isa = PBXFileReference; lastKnownFileType = sourcecode.swift; path = Board.swift; sourceTree = "<group>"; };
		7622ACC5ABC293169A87A118 /* SyncRetryTests.swift */ = {isa = PBXFileReference; lastKnownFileType = sourcecode.swift; path = SyncRetryTests.swift; sourceTree = "<group>"; };
		791E6CDDB7581B4C523DAF31 /* BingoDetectionTests.swift */ = {isa = PBXFileReference; lastKnownFileType = sourcecode.swift; path = BingoDetectionTests.swift; sourceTree = "<group>"; };
		7C17DCB793B0A1C7A6A2519C /* AuthService.swift */ = {isa = PBXFileReference; lastKnownFileType = sourcecode.swift; path = AuthService.swift; sourceTree = "<group>"; };
		83425D282C8DE9AD622750C6 /* RecurringBoardTemplatesTests.swift */ = {isa = PBXFileReference; lastKnownFileType = sourcecode.swift; path = RecurringBoardTemplatesTests.swift; sourceTree = "<group>"; };
		854FEF8734BD37239F0A8462 /* BoardTask.swift */ = {isa = PBXFileReference; lastKnownFileType = sourcecode.swift; path = BoardTask.swift; sourceTree = "<group>"; };
		857BCD379FBDCA311611C5BC /* testSectionAllFourEntriesJan1BoardsTab.1.png */ = {isa = PBXFileReference; lastKnownFileType = image.png; path = testSectionAllFourEntriesJan1BoardsTab.1.png; sourceTree = "<group>"; };
		8909013EF9D9767B1F494EAF /* SyncQueueBuilder.swift */ = {isa = PBXFileReference; lastKnownFileType = sourcecode.swift; path = SyncQueueBuilder.swift; sourceTree = "<group>"; };
		891B25AE4C8C98DE438088C7 /* RecurringBoardTemplate.swift */ = {isa = PBXFileReference; lastKnownFileType = sourcecode.swift; path = RecurringBoardTemplate.swift; sourceTree = "<group>"; };
		8A29E6A87BB117849FD5BF74 /* BoardWizardPreviewStepView.swift */ = {isa = PBXFileReference; lastKnownFileType = sourcecode.swift; path = BoardWizardPreviewStepView.swift; sourceTree = "<group>"; };
		8B10DD2985C2D528B595B446 /* testBadge_RecurringTemplate.1.png */ = {isa = PBXFileReference; lastKnownFileType = image.png; path = testBadge_RecurringTemplate.1.png; sourceTree = "<group>"; };
		8E3F18DF150886C6CA0F36DD /* CreateHubDraftsListView.swift */ = {isa = PBXFileReference; lastKnownFileType = sourcecode.swift; path = CreateHubDraftsListView.swift; sourceTree = "<group>"; };
		930B21C71FAB0140E9BE5960 /* BoardWizardViewModel.swift */ = {isa = PBXFileReference; lastKnownFileType = sourcecode.swift; path = BoardWizardViewModel.swift; sourceTree = "<group>"; };
		9CC5D387F2397A3984CF5FF2 /* testDenseLibraryUnselected.1.png */ = {isa = PBXFileReference; lastKnownFileType = image.png; path = testDenseLibraryUnselected.1.png; sourceTree = "<group>"; };
		9D72F0CD1196886BF1206F94 /* SyncStatusIndicatorView.swift */ = {isa = PBXFileReference; lastKnownFileType = sourcecode.swift; path = SyncStatusIndicatorView.swift; sourceTree = "<group>"; };
		9F714DD146988F2C085D5EA4 /* CycleDetection.swift */ = {isa = PBXFileReference; lastKnownFileType = sourcecode.swift; path = CycleDetection.swift; sourceTree = "<group>"; };
		A0CB0EA87156513D6744FDB3 /* DateFormatting.swift */ = {isa = PBXFileReference; lastKnownFileType = sourcecode.swift; path = DateFormatting.swift; sourceTree = "<group>"; };
		A0CF50310EFCCFABC8B74CF4 /* BoardPreferencesView.swift */ = {isa = PBXFileReference; lastKnownFileType = sourcecode.swift; path = BoardPreferencesView.swift; sourceTree = "<group>"; };
		A3BC179DE0E837C8B5BCD843 /* ProfileView.swift */ = {isa = PBXFileReference; lastKnownFileType = sourcecode.swift; path = ProfileView.swift; sourceTree = "<group>"; };
		A5D833627B1CDD7BE3E829AC /* ProgressStepRowView.swift */ = {isa = PBXFileReference; lastKnownFileType = sourcecode.swift; path = ProgressStepRowView.swift; sourceTree = "<group>"; };
		A6506B5C60898D47EEB97D97 /* RecurringBoardSpawnViewModel.swift */ = {isa = PBXFileReference; lastKnownFileType = sourcecode.swift; path = RecurringBoardSpawnViewModel.swift; sourceTree = "<group>"; };
		AC3286F0E4FFDA045CA8BBE5 /* testDenseLibraryCenterTaskMode.1.png */ = {isa = PBXFileReference; lastKnownFileType = image.png; path = testDenseLibraryCenterTaskMode.1.png; sourceTree = "<group>"; };
		B31EFBC131E94BA5D5BB91DB /* RecurringBoardsTests.swift */ = {isa = PBXFileReference; lastKnownFileType = sourcecode.swift; path = RecurringBoardsTests.swift; sourceTree = "<group>"; };
		B70713D5FB25DE3392CD3CEE /* Schema.sql */ = {isa = PBXFileReference; path = Schema.sql; sourceTree = "<group>"; };
		BA16533FF3233DF0CDE0769C /* PendingCoreBoardsSectionView.swift */ = {isa = PBXFileReference; lastKnownFileType = sourcecode.swift; path = PendingCoreBoardsSectionView.swift; sourceTree = "<group>"; };
		BA63CF08D3413429AC5B9DCB /* CompoundChild.swift */ = {isa = PBXFileReference; lastKnownFileType = sourcecode.swift; path = CompoundChild.swift; sourceTree = "<group>"; };
		BE06FD16D90C84B07EE47F7D /* CompositeWizardBuildStepView.swift */ = {isa = PBXFileReference; lastKnownFileType = sourcecode.swift; path = CompositeWizardBuildStepView.swift; sourceTree = "<group>"; };
		BEE590743FB84D4774C6036E /* AchievementSquareBadgeData.swift */ = {isa = PBXFileReference; lastKnownFileType = sourcecode.swift; path = AchievementSquareBadgeData.swift; sourceTree = "<group>"; };
		C1B2C5598136DD61C84DE532 /* CompoundEvaluation.swift */ = {isa = PBXFileReference; lastKnownFileType = sourcecode.swift; path = CompoundEvaluation.swift; sourceTree = "<group>"; };
		C271A5A53EB2612D1AD7923C /* BoardWizardTasksStepSnapshotTests.swift */ = {isa = PBXFileReference; lastKnownFileType = sourcecode.swift; path = BoardWizardTasksStepSnapshotTests.swift; sourceTree = "<group>"; };
		C3A0BE07D305533699B717F8 /* RecurringBoardTemplatesViewModel.swift */ = {isa = PBXFileReference; lastKnownFileType = sourcecode.swift; path = RecurringBoardTemplatesViewModel.swift; sourceTree = "<group>"; };
		C492F972D8DDACDCB86592D5 /* testPreviewStepRecurring.1.png */ = {isa = PBXFileReference; lastKnownFileType = image.png; path = testPreviewStepRecurring.1.png; sourceTree = "<group>"; };
		C9AA2CED78BAF3773BDB4359 /* OYBCApp.swift */ = {isa = PBXFileReference; lastKnownFileType = sourcecode.swift; path = OYBCApp.swift; sourceTree = "<group>"; };
		CC33804E538EF0DF328111DE /* testPreviewStepReady.1.png */ = {isa = PBXFileReference; lastKnownFileType = image.png; path = testPreviewStepReady.1.png; sourceTree = "<group>"; };
		CEBFFC64669C54DF01A411E8 /* CreateHubSnapshotTests.swift */ = {isa = PBXFileReference; lastKnownFileType = sourcecode.swift; path = CreateHubSnapshotTests.swift; sourceTree = "<group>"; };
		CF19FE3B77ABFB68CA53CE2C /* NewTaskSheetView.swift */ = {isa = PBXFileReference; lastKnownFileType = sourcecode.swift; path = NewTaskSheetView.swift; sourceTree = "<group>"; };
		CF6C5CF30F9EEAB97A38E460 /* CompositeWizardStepperView.swift */ = {isa = PBXFileReference; lastKnownFileType = sourcecode.swift; path = CompositeWizardStepperView.swift; sourceTree = "<group>"; };
		D1CCBCA944A05CE8E162623D /* BoardWizardTasksPlayground.swift */ = {isa = PBXFileReference; lastKnownFileType = sourcecode.swift; path = BoardWizardTasksPlayground.swift; sourceTree = "<group>"; };
		D405995419454FD4EC82924D /* PendingRecurringBoardsViewModel.swift */ = {isa = PBXFileReference; lastKnownFileType = sourcecode.swift; path = PendingRecurringBoardsViewModel.swift; sourceTree = "<group>"; };
		D5F9D8CAE934036DAC767707 /* CompositeWizardSetupStepView.swift */ = {isa = PBXFileReference; lastKnownFileType = sourcecode.swift; path = CompositeWizardSetupStepView.swift; sourceTree = "<group>"; };
		DBBE3843E4352198EC48EA98 /* ProgressCounter.swift */ = {isa = PBXFileReference; lastKnownFileType = sourcecode.swift; path = ProgressCounter.swift; sourceTree = "<group>"; };
		DCE6F8AAD4860D11D04DF12E /* TaskTypeSelectorView.swift */ = {isa = PBXFileReference; lastKnownFileType = sourcecode.swift; path = TaskTypeSelectorView.swift; sourceTree = "<group>"; };
		E2CF3253817A74C5644618E0 /* TimeframeBoundaries.swift */ = {isa = PBXFileReference; lastKnownFileType = sourcecode.swift; path = TimeframeBoundaries.swift; sourceTree = "<group>"; };
		E8D39996B07C2272CFEC6722 /* testDenseLibrarySomeSelected.1.png */ = {isa = PBXFileReference; lastKnownFileType = image.png; path = testDenseLibrarySomeSelected.1.png; sourceTree = "<group>"; };
		EA86B8DF5509A4724E214EEF /* CompositeWizardReviewStepView.swift */ = {isa = PBXFileReference; lastKnownFileType = sourcecode.swift; path = CompositeWizardReviewStepView.swift; sourceTree = "<group>"; };
		ECCBF1C8380F30B8C320AABD /* BoardWizardView.swift */ = {isa = PBXFileReference; lastKnownFileType = sourcecode.swift; path = BoardWizardView.swift; sourceTree = "<group>"; };
		ED723FA5355D6C5E4952B79D /* RecurringBoardsSnapshotTests.swift */ = {isa = PBXFileReference; lastKnownFileType = sourcecode.swift; path = RecurringBoardsSnapshotTests.swift; sourceTree = "<group>"; };
		EEA091BEC9F9DE7F7EDCC979 /* DerivationPassTests.swift */ = {isa = PBXFileReference; lastKnownFileType = sourcecode.swift; path = DerivationPassTests.swift; sourceTree = "<group>"; };
		EEB80DC119D8B35159EBEE29 /* BoardSetupFormView.swift */ = {isa = PBXFileReference; lastKnownFileType = sourcecode.swift; path = BoardSetupFormView.swift; sourceTree = "<group>"; };
		EF0197805BBDEC8D2A8EE5BD /* BoardWizardStepsSnapshotTests.swift */ = {isa = PBXFileReference; lastKnownFileType = sourcecode.swift; path = BoardWizardStepsSnapshotTests.swift; sourceTree = "<group>"; };
		EF9C17BB21071F97A30D23C3 /* CreateHubQuickAddView.swift */ = {isa = PBXFileReference; lastKnownFileType = sourcecode.swift; path = CreateHubQuickAddView.swift; sourceTree = "<group>"; };
		F30F6D8151D9EDB04EF26A15 /* SyncDashboardPlayground.swift */ = {isa = PBXFileReference; lastKnownFileType = sourcecode.swift; path = SyncDashboardPlayground.swift; sourceTree = "<group>"; };
		F5C010E67EB720199154237F /* CompositeTaskWizardView.swift */ = {isa = PBXFileReference; lastKnownFileType = sourcecode.swift; path = CompositeTaskWizardView.swift; sourceTree = "<group>"; };
		F6FAE48D69EF28D353EBD10A /* CountingStepFieldsView.swift */ = {isa = PBXFileReference; lastKnownFileType = sourcecode.swift; path = CountingStepFieldsView.swift; sourceTree = "<group>"; };
		F7E74B041346356A3B771F07 /* InteractiveTaskSquareView.swift */ = {isa = PBXFileReference; lastKnownFileType = sourcecode.swift; path = InteractiveTaskSquareView.swift; sourceTree = "<group>"; };
		FA364CFC7AE1782BC3F5A635 /* TaskSquareActionsPlayground.swift */ = {isa = PBXFileReference; lastKnownFileType = sourcecode.swift; path = TaskSquareActionsPlayground.swift; sourceTree = "<group>"; };
		FA434E50844910E99B885B94 /* BoardListItemView.swift */ = {isa = PBXFileReference; lastKnownFileType = sourcecode.swift; path = BoardListItemView.swift; sourceTree = "<group>"; };
		FD95095EB869DABF66F74D56 /* testSectionSingleDailyEntry.1.png */ = {isa = PBXFileReference; lastKnownFileType = image.png; path = testSectionSingleDailyEntry.1.png; sourceTree = "<group>"; };
		"TEMP_F44F9B6F-1871-460B-9780-EB59B67C5D3F" /* Signing.xcconfig */ = {isa = PBXFileReference; lastKnownFileType = text.xcconfig; path = Signing.xcconfig; sourceTree = "<group>"; };
/* End PBXFileReference section */

/* Begin PBXFrameworksBuildPhase section */
		2278E3CF37E38323061EA47A /* Frameworks */ = {
			isa = PBXFrameworksBuildPhase;
			buildActionMask = 2147483647;
			files = (
				F98EB90185F0E4C7C64D6651 /* SnapshotTesting in Frameworks */,
			);
			runOnlyForDeploymentPostprocessing = 0;
		};
		F3D333246590F99CD7CABA7F /* Frameworks */ = {
			isa = PBXFrameworksBuildPhase;
			buildActionMask = 2147483647;
			files = (
				2EF19E402C1B931693900274 /* GRDB in Frameworks */,
				79AFC76C8AE9E5A02354E0A2 /* FirebaseAuth in Frameworks */,
				64BCFBAA10D300F11C77EF1E /* FirebaseFirestore in Frameworks */,
				88AC024943E462F0AF5F00B8 /* GoogleSignIn in Frameworks */,
				51870B5D912C9DEF088A30A7 /* GoogleSignInSwift in Frameworks */,
			);
			runOnlyForDeploymentPostprocessing = 0;
		};
/* End PBXFrameworksBuildPhase section */

/* Begin PBXGroup section */
		1B45E6A56872A0AAB9A5199F /* Playground */ = {
			isa = PBXGroup;
			children = (
				D1CCBCA944A05CE8E162623D /* BoardWizardTasksPlayground.swift */,
				680662C638781DAAFC308939 /* CreateHubPlayground.swift */,
				52DCD0346F7F3A37DB243153 /* PlaygroundUtils.swift */,
				F30F6D8151D9EDB04EF26A15 /* SyncDashboardPlayground.swift */,
				FA364CFC7AE1782BC3F5A635 /* TaskSquareActionsPlayground.swift */,
			);
			path = Playground;
			sourceTree = "<group>";
		};
		34A9C4EF5E8E5F349CF44BB3 /* Components */ = {
			isa = PBXGroup;
			children = (
				BEE590743FB84D4774C6036E /* AchievementSquareBadgeData.swift */,
				49E7346F9B1FE13C5A6C2E1E /* BingoBoard.swift */,
				34742747DBBD390A07DC633A /* BingoSquare.swift */,
				FA434E50844910E99B885B94 /* BoardListItemView.swift */,
				4B7F89E61CAB57BA23FDB94E /* BoardStatusBadgeView.swift */,
				5E3E716EE694B3552051ECF6 /* CounterStepperView.swift */,
				1EAF1C5E760E18038C6E53F6 /* CountingDerivationPanelView.swift */,
				F6FAE48D69EF28D353EBD10A /* CountingStepFieldsView.swift */,
				5D6F0E5CF170B026EF76D520 /* FilterTabsView.swift */,
				F7E74B041346356A3B771F07 /* InteractiveTaskSquareView.swift */,
				16692D5EE31A40B7686E3C2E /* OperatorSelectorView.swift */,
				BA16533FF3233DF0CDE0769C /* PendingCoreBoardsSectionView.swift */,
				18B60E3F0ADD35659E672AC1 /* ProgressDerivationPanelView.swift */,
				A5D833627B1CDD7BE3E829AC /* ProgressStepRowView.swift */,
				397644A1686EEC49F1E7C294 /* SelectableTaskItemView.swift */,
				6AAEEFFDD3526743C95A13D7 /* SubtaskChipView.swift */,
				9D72F0CD1196886BF1206F94 /* SyncStatusIndicatorView.swift */,
				DCE6F8AAD4860D11D04DF12E /* TaskTypeSelectorView.swift */,
				37AE86E7BE2C5A2C66BEB50A /* TypeBadgeView.swift */,
				CC64492D470BBC39A77B0DF9 /* CompositeWizard */,
			);
			path = Components;
			sourceTree = "<group>";
		};
		369856969075C9287EF0E868 /* RecurringBoardsSnapshotTests */ = {
			isa = PBXGroup;
			children = (
				857BCD379FBDCA311611C5BC /* testSectionAllFourEntriesJan1BoardsTab.1.png */,
				6C71FB3BBBD0F89A28E130C6 /* testSectionAllFourEntriesJan1CreateTab.1.png */,
				FD95095EB869DABF66F74D56 /* testSectionSingleDailyEntry.1.png */,
			);
			path = RecurringBoardsSnapshotTests;
			sourceTree = "<group>";
		};
		3AD387F508B024065D14DBAE /* Database */ = {
			isa = PBXGroup;
			children = (
				1B37DB9688050E788877CC59 /* AppDatabase.swift */,
				B70713D5FB25DE3392CD3CEE /* Schema.sql */,
				6BEC4DAFE1D783BB07E518EE /* Models */,
			);
			path = Database;
			sourceTree = "<group>";
		};
		3D7E5C61CCC0B0A344A57CAA /* OYBC */ = {
			isa = PBXGroup;
			children = (
				09679BD66A6C0F577D3B4EDD /* GoogleService-Info.plist */,
				122F83127D65EB023917FFAB /* Info.plist */,
				596BB9E3FF9B2BD21EECCD16 /* OYBC.entitlements */,
				C9AA2CED78BAF3773BDB4359 /* OYBCApp.swift */,
				3AD387F508B024065D14DBAE /* Database */,
				C3C7C5326B957BB16B552247 /* Helpers */,
				5EB2589FD1AC89FEF6CE8CC3 /* Services */,
				843069804287CCD2D080B756 /* Utils */,
				E04B680C4AB00EFB7FB680F9 /* Views */,
			);
			path = OYBC;
			sourceTree = "<group>";
		};
		58CCF2A47CA60303B518F138 /* Products */ = {
			isa = PBXGroup;
			children = (
				4C85054E57A078D4AAEC7EB6 /* OYBC.app */,
				616264F26C09F071893F1C55 /* OYBCSnapshotTests.xctest */,
				16B24FB7FF9CEDD9A319B968 /* OYBCTests.xctest */,
			);
			name = Products;
			sourceTree = "<group>";
		};
		5EB2589FD1AC89FEF6CE8CC3 /* Services */ = {
			isa = PBXGroup;
			children = (
				7C17DCB793B0A1C7A6A2519C /* AuthService.swift */,
				476EB8034735B0ACC9032FA9 /* BingoDetection.swift */,
				4F879A103A0FE383E497F464 /* CenterSquare.swift */,
				C1B2C5598136DD61C84DE532 /* CompoundEvaluation.swift */,
				9F714DD146988F2C085D5EA4 /* CycleDetection.swift */,
				085F1D48B28D5DF264475FBF /* DerivationPass.swift */,
				57E4812F35B465F49A15FFAB /* NetworkMonitor.swift */,
				66E920683B34BCA199B8339C /* RecurringBoards.swift */,
				14228E76A2DE23D976EB65E8 /* RecurringBoardSpawn.swift */,
				34C1E82551617CF266DF7085 /* RecurringBoardTemplates.swift */,
				6C9306B223CFC8FBAFCBADE7 /* Shuffle.swift */,
				08F0A3E6144798AD80EB9DAF /* SyncService.swift */,
			);
			path = Services;
			sourceTree = "<group>";
		};
		6BEC4DAFE1D783BB07E518EE /* Models */ = {
			isa = PBXGroup;
			children = (
				73F91261A5D2B914C87A9E59 /* Board.swift */,
				854FEF8734BD37239F0A8462 /* BoardTask.swift */,
				BA63CF08D3413429AC5B9DCB /* CompoundChild.swift */,
				4DD08A5EA4BACEBCD439A100 /* OperatorType.swift */,
				DBBE3843E4352198EC48EA98 /* ProgressCounter.swift */,
				891B25AE4C8C98DE438088C7 /* RecurringBoardTemplate.swift */,
				0436CC51A477FF70932A9546 /* SyncQueue.swift */,
				149C3CA55D0467096B13D935 /* Task.swift */,
				4B55F24D17BE0A2E4D024288 /* User.swift */,
			);
			path = Models;
			sourceTree = "<group>";
		};
		7538C39CB55CE0565035BE29 /* ViewModels */ = {
			isa = PBXGroup;
			children = (
				930B21C71FAB0140E9BE5960 /* BoardWizardViewModel.swift */,
				01DCC1B869DCD626A926C690 /* CreateFormViewModel.swift */,
				04738FB0C98055765804ADFB /* ParentBoardTasksViewModel.swift */,
				C3A0BE07D305533699B717F8 /* RecurringBoardTemplatesViewModel.swift */,
				2C781A106EEE50F8886C0DBE /* TaskLibraryViewModel.swift */,
			);
			path = ViewModels;
			sourceTree = "<group>";
		};
		7C9F2EC0D4AAC9FCA4A7342C /* CreateHubSnapshotTests */ = {
			isa = PBXGroup;
			children = (
				27680C319099CDAB161A6E95 /* testHubLanding.1.png */,
			);
			path = CreateHubSnapshotTests;
			sourceTree = "<group>";
		};
		843069804287CCD2D080B756 /* Utils */ = {
			isa = PBXGroup;
			children = (
				E2CF3253817A74C5644618E0 /* TimeframeBoundaries.swift */,
			);
			path = Utils;
			sourceTree = "<group>";
		};
		9DFBF8E3D24A9BE43FB928D7 /* __Snapshots__ */ = {
			isa = PBXGroup;
			children = (
				EE81AB36B92D2C9E043FBEAB /* BoardWizardStepsSnapshotTests */,
				EC26183733E505BC462FD6DD /* BoardWizardTasksStepSnapshotTests */,
				7C9F2EC0D4AAC9FCA4A7342C /* CreateHubSnapshotTests */,
				E9832472BDBF0222BEF3BB0B /* InteractiveTaskSquareBadgeSnapshotTests */,
				369856969075C9287EF0E868 /* RecurringBoardsSnapshotTests */,
				BB60DC33AEA417AEDB1E5B9C /* RecurringTemplatesProfileSnapshotTests */,
			);
			path = __Snapshots__;
			sourceTree = "<group>";
		};
		A287D5A503950699FE53C6E9 /* OYBCTests */ = {
			isa = PBXGroup;
			children = (
				791E6CDDB7581B4C523DAF31 /* BingoDetectionTests.swift */,
				1BE4A2078E0FB711D2CC4E47 /* CompoundEvaluationTests.swift */,
				0EB4FF22AFFCA34D5F53426C /* CycleDetectionTests.swift */,
				EEA091BEC9F9DE7F7EDCC979 /* DerivationPassTests.swift */,
				2822E1DBF15699974C2F70C5 /* OYBCTests.swift */,
				B31EFBC131E94BA5D5BB91DB /* RecurringBoardsTests.swift */,
				83425D282C8DE9AD622750C6 /* RecurringBoardTemplatesTests.swift */,
				5F3A20C9A74AF6B70C127B13 /* ShuffleTests.swift */,
				6FD904B6FD6BEEB84E59BB51 /* SyncQueueMaintenanceTests.swift */,
				7622ACC5ABC293169A87A118 /* SyncRetryTests.swift */,
				0B0B38321FC596D67DEBCAAB /* UserPreferencesCodableTests.swift */,
			);
			path = OYBCTests;
			sourceTree = "<group>";
		};
		AF5FC4716596DB1CFB3B658D /* Components */ = {
			isa = PBXGroup;
			children = (
				EEB80DC119D8B35159EBEE29 /* BoardSetupFormView.swift */,
				4F5CE3737436A2FDB380CACA /* BoardWizardCancelDialogView.swift */,
				8A29E6A87BB117849FD5BF74 /* BoardWizardPreviewStepView.swift */,
				3305697412B4359823BA88B5 /* BoardWizardSetupStepView.swift */,
				4AC864D14C267E191CEA0A30 /* BoardWizardStepperView.swift */,
				593980F6290AA1EFAC50F51F /* BoardWizardTasksStepView.swift */,
				7241CCA5EB6FB2CACBC94EF6 /* CountingTemplatePickerView.swift */,
				4F9A279CE019AF205A34B7CE /* CreateHubBoardCTAView.swift */,
				8E3F18DF150886C6CA0F36DD /* CreateHubDraftsListView.swift */,
				EF9C17BB21071F97A30D23C3 /* CreateHubQuickAddView.swift */,
				CF19FE3B77ABFB68CA53CE2C /* NewTaskSheetView.swift */,
			);
			path = Components;
			sourceTree = "<group>";
		};
		B219F57FB5FA20CDACB50054 /* ProfileTab */ = {
			isa = PBXGroup;
			children = (
				A0CF50310EFCCFABC8B74CF4 /* BoardPreferencesView.swift */,
				A3BC179DE0E837C8B5BCD843 /* ProfileView.swift */,
				3F30735B168D81776D6F1071 /* RecurringTemplateRowView.swift */,
				310D59B3C2E057704E9B0BE5 /* RecurringTemplatesView.swift */,
			);
			path = ProfileTab;
			sourceTree = "<group>";
		};
		BB60DC33AEA417AEDB1E5B9C /* RecurringTemplatesProfileSnapshotTests */ = {
			isa = PBXGroup;
			children = (
				40D73D9EB1110AD80615DB6D /* testPopulatedActiveAndPaused.1.png */,
			);
			path = RecurringTemplatesProfileSnapshotTests;
			sourceTree = "<group>";
		};
		C3C7C5326B957BB16B552247 /* Helpers */ = {
			isa = PBXGroup;
			children = (
				A0CB0EA87156513D6744FDB3 /* DateFormatting.swift */,
				441C991C95FE9AD4EFFA2636 /* MigrationV7Helpers.swift */,
				8909013EF9D9767B1F494EAF /* SyncQueueBuilder.swift */,
			);
			path = Helpers;
			sourceTree = "<group>";
		};
		C4F7033B079E971620B4BFA6 /* OYBCSnapshotTests */ = {
			isa = PBXGroup;
			children = (
				EF0197805BBDEC8D2A8EE5BD /* BoardWizardStepsSnapshotTests.swift */,
				C271A5A53EB2612D1AD7923C /* BoardWizardTasksStepSnapshotTests.swift */,
				CEBFFC64669C54DF01A411E8 /* CreateHubSnapshotTests.swift */,
				28C6A8B82994B5105FD7B745 /* InteractiveTaskSquareBadgeSnapshotTests.swift */,
				ED723FA5355D6C5E4952B79D /* RecurringBoardsSnapshotTests.swift */,
				576781BAC8BE6492841883BB /* RecurringTemplatesProfileSnapshotTests.swift */,
				201D8F0D441E72C6B7514848 /* SnapshotFixtures.swift */,
				9DFBF8E3D24A9BE43FB928D7 /* __Snapshots__ */,
			);
			path = OYBCSnapshotTests;
			sourceTree = "<group>";
		};
		CC64492D470BBC39A77B0DF9 /* CompositeWizard */ = {
			isa = PBXGroup;
			children = (
				3C5C0E05C2992D5367E4DFF6 /* CompositeSubtaskCardView.swift */,
				723C18709D8FC62D7DC036A7 /* CompositeSubtaskItem.swift */,
				F5C010E67EB720199154237F /* CompositeTaskWizardView.swift */,
				BE06FD16D90C84B07EE47F7D /* CompositeWizardBuildStepView.swift */,
				EA86B8DF5509A4724E214EEF /* CompositeWizardReviewStepView.swift */,
				D5F9D8CAE934036DAC767707 /* CompositeWizardSetupStepView.swift */,
				CF6C5CF30F9EEAB97A38E460 /* CompositeWizardStepperView.swift */,
			);
			path = CompositeWizard;
			sourceTree = "<group>";
		};
		D73D18C4A782BA0C6CB59E47 = {
			isa = PBXGroup;
			children = (
				3D7E5C61CCC0B0A344A57CAA /* OYBC */,
				C4F7033B079E971620B4BFA6 /* OYBCSnapshotTests */,
				A287D5A503950699FE53C6E9 /* OYBCTests */,
				58CCF2A47CA60303B518F138 /* Products */,
			);
			sourceTree = "<group>";
		};
		E03FBA3FFEAF88A7D8609EBA /* CreateTab */ = {
			isa = PBXGroup;
			children = (
				59C7E61CA9243686BBA1D7FB /* BoardWizardPersist.swift */,
				ECCBF1C8380F30B8C320AABD /* BoardWizardView.swift */,
				672279842817679C05C429E7 /* CreateHubView.swift */,
				5E1FF0E9814EFB0A5528E12B /* CreateNewTaskFormView.swift */,
				AF5FC4716596DB1CFB3B658D /* Components */,
				7538C39CB55CE0565035BE29 /* ViewModels */,
			);
			path = CreateTab;
			sourceTree = "<group>";
		};
		E04B680C4AB00EFB7FB680F9 /* Views */ = {
			isa = PBXGroup;
			children = (
				36BFCB077AA954687C6EFED5 /* AuthGateView.swift */,
				4ADD7157FF545AFEC6EF9588 /* ContentView.swift */,
				343B20563EE55E5FA28C5DC2 /* MainTabView.swift */,
				032F40E3064154C5E3108AB4 /* PlaygroundView.swift */,
				E7AA0FEE3F82A53DCA116770 /* BoardsTab */,
				34A9C4EF5E8E5F349CF44BB3 /* Components */,
				E03FBA3FFEAF88A7D8609EBA /* CreateTab */,
				1B45E6A56872A0AAB9A5199F /* Playground */,
				B219F57FB5FA20CDACB50054 /* ProfileTab */,
			);
			path = Views;
			sourceTree = "<group>";
		};
		E7AA0FEE3F82A53DCA116770 /* BoardsTab */ = {
			isa = PBXGroup;
			children = (
				5A9B48D659A3517CCA341637 /* BoardListView.swift */,
				6DEA8E9D24B3205D81595221 /* BoardPlayView.swift */,
				D405995419454FD4EC82924D /* PendingRecurringBoardsViewModel.swift */,
				A6506B5C60898D47EEB97D97 /* RecurringBoardSpawnViewModel.swift */,
			);
			path = BoardsTab;
			sourceTree = "<group>";
		};
		E9832472BDBF0222BEF3BB0B /* InteractiveTaskSquareBadgeSnapshotTests */ = {
			isa = PBXGroup;
			children = (
				09ECA22A892C3BE7AE008A66 /* testBadge_CompoundTask_SuppressesCBadge.1.png */,
				8B10DD2985C2D528B595B446 /* testBadge_RecurringTemplate.1.png */,
				724B1E916C049BE96B6D781B /* testBadge_SpecificBoardCompleted.1.png */,
			);
			path = InteractiveTaskSquareBadgeSnapshotTests;
			sourceTree = "<group>";
		};
		EC26183733E505BC462FD6DD /* BoardWizardTasksStepSnapshotTests */ = {
			isa = PBXGroup;
			children = (
				AC3286F0E4FFDA045CA8BBE5 /* testDenseLibraryCenterTaskMode.1.png */,
				256164FBAC0E30E6D1B24761 /* testDenseLibraryRecurringSomeSelected.1.png */,
				E8D39996B07C2272CFEC6722 /* testDenseLibrarySomeSelected.1.png */,
				9CC5D387F2397A3984CF5FF2 /* testDenseLibraryUnselected.1.png */,
				4B67B15D6F63F340F5E5B72C /* testEmptyLibrary.1.png */,
			);
			path = BoardWizardTasksStepSnapshotTests;
			sourceTree = "<group>";
		};
		EE81AB36B92D2C9E043FBEAB /* BoardWizardStepsSnapshotTests */ = {
			isa = PBXGroup;
			children = (
				CC33804E538EF0DF328111DE /* testPreviewStepReady.1.png */,
				C492F972D8DDACDCB86592D5 /* testPreviewStepRecurring.1.png */,
			);
			path = BoardWizardStepsSnapshotTests;
			sourceTree = "<group>";
		};
		"TEMP_C930E66F-2CA2-4BA2-B7B1-478AE5B67648" /* ios */ = {
			isa = PBXGroup;
			children = (
				"TEMP_F44F9B6F-1871-460B-9780-EB59B67C5D3F" /* Signing.xcconfig */,
			);
			path = ios;
			sourceTree = "<group>";
		};
/* End PBXGroup section */

/* Begin PBXNativeTarget section */
		649ED9C362239F55CE47277B /* OYBC */ = {
			isa = PBXNativeTarget;
			buildConfigurationList = 8DF4FCDD089CB6AB6C9F28C4 /* Build configuration list for PBXNativeTarget "OYBC" */;
			buildPhases = (
				028276C351C61BD83A7E1785 /* Setup App Directories */,
				110FF29BCB3759B98AD37850 /* Sources */,
				858DA60AD6FA42DC09355656 /* Resources */,
				F3D333246590F99CD7CABA7F /* Frameworks */,
			);
			buildRules = (
			);
			dependencies = (
			);
			name = OYBC;
			packageProductDependencies = (
				FB60A2471061045431151B6B /* GRDB */,
				C75445B6764BE3BD13B11782 /* FirebaseAuth */,
				91A45F3247DF5222CFEC856D /* FirebaseFirestore */,
				63CE473C73B22D4EFDC81AED /* GoogleSignIn */,
				EDD4468E4592EA5DCFBBE66A /* GoogleSignInSwift */,
			);
			productName = OYBC;
			productReference = 4C85054E57A078D4AAEC7EB6 /* OYBC.app */;
			productType = "com.apple.product-type.application";
		};
		9F5E8011F4A8F3E3010DEF60 /* OYBCTests */ = {
			isa = PBXNativeTarget;
			buildConfigurationList = 7EA2820B863B586E30FF5D6C /* Build configuration list for PBXNativeTarget "OYBCTests" */;
			buildPhases = (
				3C89F36AECD1676482EF7713 /* Sources */,
			);
			buildRules = (
			);
			dependencies = (
				DD545ED9D4FB8B93E52BAFB9 /* PBXTargetDependency */,
			);
			name = OYBCTests;
			packageProductDependencies = (
			);
			productName = OYBCTests;
			productReference = 16B24FB7FF9CEDD9A319B968 /* OYBCTests.xctest */;
			productType = "com.apple.product-type.bundle.unit-test";
		};
		DB958C2FEF503FC1076D8977 /* OYBCSnapshotTests */ = {
			isa = PBXNativeTarget;
			buildConfigurationList = 91D7986995EC7993F56C2FD6 /* Build configuration list for PBXNativeTarget "OYBCSnapshotTests" */;
			buildPhases = (
				B7F070B6A8BE1A5DCBDEF3D4 /* Sources */,
				7F203B7431168588B5C0FD39 /* Resources */,
				2278E3CF37E38323061EA47A /* Frameworks */,
			);
			buildRules = (
			);
			dependencies = (
				BD2CA67C20BD8A0E5F847640 /* PBXTargetDependency */,
			);
			name = OYBCSnapshotTests;
			packageProductDependencies = (
				C3BA9BA6F9A98F86FE90C42D /* SnapshotTesting */,
			);
			productName = OYBCSnapshotTests;
			productReference = 616264F26C09F071893F1C55 /* OYBCSnapshotTests.xctest */;
			productType = "com.apple.product-type.bundle.unit-test";
		};
/* End PBXNativeTarget section */

/* Begin PBXProject section */
		FBB7EE1A8E71828D0A20F5BF /* Project object */ = {
			isa = PBXProject;
			attributes = {
				BuildIndependentTargetsInParallel = YES;
				LastUpgradeCheck = 1430;
				TargetAttributes = {
					649ED9C362239F55CE47277B = {
						DevelopmentTeam = "";
						ProvisioningStyle = Automatic;
					};
					9F5E8011F4A8F3E3010DEF60 = {
						ProvisioningStyle = Automatic;
					};
					DB958C2FEF503FC1076D8977 = {
						ProvisioningStyle = Automatic;
					};
				};
			};
			buildConfigurationList = D57E4A84D33E00E3AD508C4A /* Build configuration list for PBXProject "OYBC" */;
			developmentRegion = en;
			hasScannedForEncodings = 0;
			knownRegions = (
				Base,
				en,
			);
			mainGroup = D73D18C4A782BA0C6CB59E47;
			minimizedProjectReferenceProxies = 1;
			packageReferences = (
				63C5754F3131857FB77E7F13 /* XCRemoteSwiftPackageReference "firebase-ios-sdk" */,
				79E5F34F611D045523BAC683 /* XCRemoteSwiftPackageReference "GRDB.swift" */,
				DD961413FF6BF06CD1601127 /* XCRemoteSwiftPackageReference "GoogleSignIn-iOS" */,
				69220188CFBD1AD31E21CE70 /* XCRemoteSwiftPackageReference "swift-snapshot-testing" */,
			);
			preferredProjectObjectVersion = 77;
			productRefGroup = 58CCF2A47CA60303B518F138 /* Products */;
			projectDirPath = "";
			projectRoot = "";
			targets = (
				649ED9C362239F55CE47277B /* OYBC */,
				DB958C2FEF503FC1076D8977 /* OYBCSnapshotTests */,
				9F5E8011F4A8F3E3010DEF60 /* OYBCTests */,
			);
		};
/* End PBXProject section */

/* Begin PBXResourcesBuildPhase section */
		7F203B7431168588B5C0FD39 /* Resources */ = {
			isa = PBXResourcesBuildPhase;
			buildActionMask = 2147483647;
			files = (
				D0A7A735CA34B7C32934CD5D /* testBadge_CompoundTask_SuppressesCBadge.1.png in Resources */,
				65C7E118420B01458C027597 /* testBadge_RecurringTemplate.1.png in Resources */,
				7EBED53666C32A371D133AE7 /* testBadge_SpecificBoardCompleted.1.png in Resources */,
				702FC5982D5FCC791B4912DC /* testDenseLibraryCenterTaskMode.1.png in Resources */,
				06C17F715FBA9B70E329FB24 /* testDenseLibraryRecurringSomeSelected.1.png in Resources */,
				D336AF91899FCE267F6DA20C /* testDenseLibrarySomeSelected.1.png in Resources */,
				D22F9EEAD5656FF2E8D54581 /* testDenseLibraryUnselected.1.png in Resources */,
				E38CBB90376A70A6449AC357 /* testEmptyLibrary.1.png in Resources */,
				A513A452649ABD308E2E1849 /* testHubLanding.1.png in Resources */,
				31076B3E117392EE19C21B47 /* testPopulatedActiveAndPaused.1.png in Resources */,
				1CB298C157E24698713D9FD1 /* testPreviewStepReady.1.png in Resources */,
				73FEA31DFBD72C8B2E3173C5 /* testPreviewStepRecurring.1.png in Resources */,
				9838B30A36130BE20CD53345 /* testSectionAllFourEntriesJan1BoardsTab.1.png in Resources */,
				F9FC8D4C7C7651E6A4FC2CC1 /* testSectionAllFourEntriesJan1CreateTab.1.png in Resources */,
				424BD56EE6534A63D8525F5F /* testSectionSingleDailyEntry.1.png in Resources */,
			);
			runOnlyForDeploymentPostprocessing = 0;
		};
		858DA60AD6FA42DC09355656 /* Resources */ = {
			isa = PBXResourcesBuildPhase;
			buildActionMask = 2147483647;
			files = (
				F9FB7176671700EFA81BA5F7 /* GoogleService-Info.plist in Resources */,
				3D1E96D35DF0BF6B1DE02EB4 /* Schema.sql in Resources */,
			);
			runOnlyForDeploymentPostprocessing = 0;
		};
/* End PBXResourcesBuildPhase section */

/* Begin PBXShellScriptBuildPhase section */
		028276C351C61BD83A7E1785 /* Setup App Directories */ = {
			isa = PBXShellScriptBuildPhase;
			alwaysOutOfDate = 1;
			buildActionMask = 2147483647;
			files = (
			);
			inputFileListPaths = (
			);
			inputPaths = (
			);
			name = "Setup App Directories";
			outputFileListPaths = (
			);
			outputPaths = (
			);
			runOnlyForDeploymentPostprocessing = 0;
			shellPath = /bin/sh;
			shellScript = "# Create database directory if it doesn't exist\necho \"Setting up app directories...\"\n";
		};
/* End PBXShellScriptBuildPhase section */

/* Begin PBXSourcesBuildPhase section */
		110FF29BCB3759B98AD37850 /* Sources */ = {
			isa = PBXSourcesBuildPhase;
			buildActionMask = 2147483647;
			files = (
				03B8B91B1D8AF8EF6F22A607 /* AchievementSquareBadgeData.swift in Sources */,
				9ECE28E0A8E7C648C808CD01 /* AppDatabase.swift in Sources */,
				B602C002BA5E808B589A6CAD /* AuthGateView.swift in Sources */,
				8A71A65F7FD101728EDFEA0F /* AuthService.swift in Sources */,
				385DD3AF707F8A87CB285762 /* BingoBoard.swift in Sources */,
				A6F3DCD9274923158442DA36 /* BingoDetection.swift in Sources */,
				B2FCC0C6923A5FD1DD19A429 /* BingoSquare.swift in Sources */,
				9F0D8D9AA79597CE605BD66A /* Board.swift in Sources */,
				2C57FCF2046E9E59665819C0 /* BoardListItemView.swift in Sources */,
				27AB929BF4B52E411F6EFA6C /* BoardListView.swift in Sources */,
				3EC35293B2C1A69FB060892D /* BoardPlayView.swift in Sources */,
				50CA8B52D842362E4702E526 /* BoardPreferencesView.swift in Sources */,
				2A3BFD9FD811D080464D7B53 /* BoardSetupFormView.swift in Sources */,
				C5DAC2DD6C247A8B43C043F5 /* BoardStatusBadgeView.swift in Sources */,
				A6587A770CE6BA5A3F726513 /* BoardTask.swift in Sources */,
				B0A090A23437AFB103276BD1 /* BoardWizardCancelDialogView.swift in Sources */,
				441C5B2BAC4E663AED8969B2 /* BoardWizardPersist.swift in Sources */,
				34CD652D040F6B6899F3D228 /* BoardWizardPreviewStepView.swift in Sources */,
				7BC1B934789723C65B0C1AC7 /* BoardWizardSetupStepView.swift in Sources */,
				6B2D64AB8A156C3B1F51E5E7 /* BoardWizardStepperView.swift in Sources */,
				91DCD3D2A6FE6E3DBF3DFAA7 /* BoardWizardTasksPlayground.swift in Sources */,
				2B72E3B6BD5BBFE30D47FAD6 /* BoardWizardTasksStepView.swift in Sources */,
				1881054E172F5BD0B8A4C0EA /* BoardWizardView.swift in Sources */,
				3A567A23BA7F02A074F94926 /* BoardWizardViewModel.swift in Sources */,
				5BBF160330B3C5EBABCE096B /* CenterSquare.swift in Sources */,
				727E408F7B9D151588B89A3E /* CompositeSubtaskCardView.swift in Sources */,
				5C10233862C940278117FC55 /* CompositeSubtaskItem.swift in Sources */,
				F0694A95CA4976DB767F809D /* CompositeTaskWizardView.swift in Sources */,
				BCABB5A98C5F5AC253DF38F7 /* CompositeWizardBuildStepView.swift in Sources */,
				864E873B95F5624260B64422 /* CompositeWizardReviewStepView.swift in Sources */,
				C6806883CA75A4506C5111EE /* CompositeWizardSetupStepView.swift in Sources */,
				E27C09807DF5D732E529AE89 /* CompositeWizardStepperView.swift in Sources */,
				C04DDC156AB5BC113E64D216 /* CompoundChild.swift in Sources */,
				9CB2FC3CE854553C50874F2E /* CompoundEvaluation.swift in Sources */,
				4B2B6ED94B59B66095A2A7F4 /* ContentView.swift in Sources */,
				5980D09CC9D150A4D3BF0CD1 /* CounterStepperView.swift in Sources */,
				02D2A87C1E28F78EECABD222 /* CountingDerivationPanelView.swift in Sources */,
				C3B8B4FD9C30EBC428EC52E6 /* CountingStepFieldsView.swift in Sources */,
				CBFE1E049D38265BF9EA2970 /* CountingTemplatePickerView.swift in Sources */,
				BF25DF0D1007E0448FC56801 /* CreateFormViewModel.swift in Sources */,
				954145DABD1091A49880E115 /* CreateHubBoardCTAView.swift in Sources */,
				E0894E4DE72A0307D028E9C8 /* CreateHubDraftsListView.swift in Sources */,
				0AE43E9BA498F5549E5ED670 /* CreateHubPlayground.swift in Sources */,
				F3ED03435414495FE552C7E6 /* CreateHubQuickAddView.swift in Sources */,
				EE8923EC70C290866809AF19 /* CreateHubView.swift in Sources */,
				B4A0265ED693ACB1A8B81E95 /* CreateNewTaskFormView.swift in Sources */,
				6F438204BAE34451A7DECFCD /* CycleDetection.swift in Sources */,
				98FC1FC89C04B110DE933FFF /* DateFormatting.swift in Sources */,
				64146A06D2B82514FF381B8D /* DerivationPass.swift in Sources */,
				4CE4469DBCB98384521C8165 /* FilterTabsView.swift in Sources */,
				F520EAF2A234007AFB744072 /* InteractiveTaskSquareView.swift in Sources */,
				159D16051FA8E2923FE9CC84 /* MainTabView.swift in Sources */,
				F3B644B5DC92BE978EDF7587 /* MigrationV7Helpers.swift in Sources */,
				F5E2465F70AE719F0B3757D6 /* NetworkMonitor.swift in Sources */,
				40892F014248FEB42D61A04F /* NewTaskSheetView.swift in Sources */,
				37624F99D990B4337BC5C84F /* OYBCApp.swift in Sources */,
				791DEFB79CC96B53EB75A769 /* OperatorSelectorView.swift in Sources */,
				0BF5FB181157FCDC92BBD5A2 /* OperatorType.swift in Sources */,
				3F0133D50CA012B18E39F315 /* ParentBoardTasksViewModel.swift in Sources */,
				40F604ECC0A608EED7738FF3 /* PendingCoreBoardsSectionView.swift in Sources */,
				186A1D072B737FE801C37C7D /* PendingRecurringBoardsViewModel.swift in Sources */,
				40223EBA0D9B7B25CCB1931A /* PlaygroundUtils.swift in Sources */,
				A3FBDF82011C7F6ED8D3F7C5 /* PlaygroundView.swift in Sources */,
				82482EA7C8020E1CFF28D5EC /* ProfileView.swift in Sources */,
				E7CBCC86ED6FE4F15EDE9917 /* ProgressCounter.swift in Sources */,
				62B6681E15366A8DFDF4BD91 /* ProgressDerivationPanelView.swift in Sources */,
				9CFB0C8623103103E895A83D /* ProgressStepRowView.swift in Sources */,
				CE63ACD37CD28AA97C9DEA1E /* RecurringBoardSpawn.swift in Sources */,
				0F8ED5ADB7E9B9BA9AE766B1 /* RecurringBoardSpawnViewModel.swift in Sources */,
				46F0A1928DCA14C0C40C1AE5 /* RecurringBoardTemplate.swift in Sources */,
				6C2E9BF2485F8D4F73D077E0 /* RecurringBoardTemplates.swift in Sources */,
				341830015B8D77084D30A879 /* RecurringBoardTemplatesViewModel.swift in Sources */,
				30EA7A3C21C7B0F1A8FF79EF /* RecurringBoards.swift in Sources */,
				3288F958F6EB9B8892D71212 /* RecurringTemplateRowView.swift in Sources */,
				348225BAB5290FCCD6E7B411 /* RecurringTemplatesView.swift in Sources */,
				C2C8D744E19FC1CC95F72D96 /* SelectableTaskItemView.swift in Sources */,
				EB546963E080BD0C7D5EDDBD /* Shuffle.swift in Sources */,
				FDD899F966D69F4B39AFE8AD /* SubtaskChipView.swift in Sources */,
				368453F3228B6981B1C9E500 /* SyncDashboardPlayground.swift in Sources */,
				619A5E4D57F256C847CC9A50 /* SyncQueue.swift in Sources */,
				2015EA2FCCA896B9F131C1E7 /* SyncQueueBuilder.swift in Sources */,
				C0A46EFF73CDF0023708C549 /* SyncService.swift in Sources */,
				0D093F4BF4758E670D2B3DEF /* SyncStatusIndicatorView.swift in Sources */,
				1ACE4018BEAFDD1F5CF0481E /* Task.swift in Sources */,
				20303A5F782938E9478A07B5 /* TaskLibraryViewModel.swift in Sources */,
				A4D761B3D3CB7A3326F7B11F /* TaskSquareActionsPlayground.swift in Sources */,
				FE2AA97E854569BAF2DFAE62 /* TaskTypeSelectorView.swift in Sources */,
				317AD0B71D2E030E8B0ED036 /* TimeframeBoundaries.swift in Sources */,
				AD7B6745F16D74F4733FF545 /* TypeBadgeView.swift in Sources */,
				9C24CDBF218203559E063F7F /* User.swift in Sources */,
			);
			runOnlyForDeploymentPostprocessing = 0;
		};
		3C89F36AECD1676482EF7713 /* Sources */ = {
			isa = PBXSourcesBuildPhase;
			buildActionMask = 2147483647;
			files = (
				9EC098A8D82C67AE8317B789 /* BingoDetectionTests.swift in Sources */,
				438A0AA94D62EDB29E734FA0 /* CompoundEvaluationTests.swift in Sources */,
				EC4D7D74EF488E9483EC2FFC /* CycleDetectionTests.swift in Sources */,
				C21D1CB5B562EFAD0E9AECB9 /* DerivationPassTests.swift in Sources */,
				5C2D41E4AAD6F8F30FAF9B67 /* OYBCTests.swift in Sources */,
				6BF9AEAC77D9F447A5B9A82A /* RecurringBoardTemplatesTests.swift in Sources */,
				3C523FE7122A485435C16813 /* RecurringBoardsTests.swift in Sources */,
				BD7E816390E48BAA75582B89 /* ShuffleTests.swift in Sources */,
				955A555550D76FE34F510E45 /* SyncQueueMaintenanceTests.swift in Sources */,
				81A7E4DCA9CA0233BCD06969 /* SyncRetryTests.swift in Sources */,
				BCF35E5F81FB0CBF7E44960F /* UserPreferencesCodableTests.swift in Sources */,
			);
			runOnlyForDeploymentPostprocessing = 0;
		};
		B7F070B6A8BE1A5DCBDEF3D4 /* Sources */ = {
			isa = PBXSourcesBuildPhase;
			buildActionMask = 2147483647;
			files = (
				F88AA4099C8847C184B66D45 /* BoardWizardStepsSnapshotTests.swift in Sources */,
				2ADC58A35212918001314A49 /* BoardWizardTasksStepSnapshotTests.swift in Sources */,
				696C0270DF259F921664659B /* CreateHubSnapshotTests.swift in Sources */,
				499AC75DE1C0EA26F00550C6 /* InteractiveTaskSquareBadgeSnapshotTests.swift in Sources */,
				FA3834B42E87C76E647113FF /* RecurringBoardsSnapshotTests.swift in Sources */,
				91DC0DD49EF51BDCC8DE2082 /* RecurringTemplatesProfileSnapshotTests.swift in Sources */,
				7B6F43DDCF8D46933298EDA3 /* SnapshotFixtures.swift in Sources */,
			);
			runOnlyForDeploymentPostprocessing = 0;
		};
/* End PBXSourcesBuildPhase section */

/* Begin PBXTargetDependency section */
		BD2CA67C20BD8A0E5F847640 /* PBXTargetDependency */ = {
			isa = PBXTargetDependency;
			target = 649ED9C362239F55CE47277B /* OYBC */;
			targetProxy = 88B85815CCDBC2339FCDF0F9 /* PBXContainerItemProxy */;
		};
		DD545ED9D4FB8B93E52BAFB9 /* PBXTargetDependency */ = {
			isa = PBXTargetDependency;
			target = 649ED9C362239F55CE47277B /* OYBC */;
			targetProxy = A528113FEA58D850CBC362C3 /* PBXContainerItemProxy */;
		};
/* End PBXTargetDependency section */

/* Begin XCBuildConfiguration section */
		017A8B55D46C455027C5CBDA /* Debug */ = {
			isa = XCBuildConfiguration;
			baseConfigurationReference = "TEMP_F44F9B6F-1871-460B-9780-EB59B67C5D3F" /* Signing.xcconfig */;
			buildSettings = {
				ASSETCATALOG_COMPILER_APPICON_NAME = AppIcon;
				CODE_SIGN_ENTITLEMENTS = OYBC/OYBC.entitlements;
				CODE_SIGN_IDENTITY = "Apple Development";
				CODE_SIGN_STYLE = Automatic;
				DEVELOPMENT_ASSET_PATHS = "";
				ENABLE_PREVIEWS = YES;
				GENERATE_INFOPLIST_FILE = YES;
				INFOPLIST_FILE = OYBC/Info.plist;
				INFOPLIST_KEY_UIApplicationSceneManifest_Generation = YES;
				INFOPLIST_KEY_UIApplicationSupportsIndirectInputEvents = YES;
				INFOPLIST_KEY_UILaunchScreen_Generation = YES;
				INFOPLIST_KEY_UISupportedInterfaceOrientations_iPad = "UIInterfaceOrientationPortrait UIInterfaceOrientationPortraitUpsideDown UIInterfaceOrientationLandscapeLeft UIInterfaceOrientationLandscapeRight";
				INFOPLIST_KEY_UISupportedInterfaceOrientations_iPhone = "UIInterfaceOrientationPortrait UIInterfaceOrientationLandscapeLeft UIInterfaceOrientationLandscapeRight";
				IPHONEOS_DEPLOYMENT_TARGET = 17.0;
				LD_RUNPATH_SEARCH_PATHS = (
					"$(inherited)",
					"@executable_path/Frameworks",
				);
				PRODUCT_BUNDLE_IDENTIFIER = com.oybc.OYBC;
				PRODUCT_NAME = "$(TARGET_NAME)";
				SDKROOT = iphoneos;
				SWIFT_EMIT_LOC_STRINGS = YES;
				SWIFT_VERSION = 5.9;
				TARGETED_DEVICE_FAMILY = "1,2";
			};
			name = Debug;
		};
		215EC22441C791B6AF332560 /* Debug */ = {
			isa = XCBuildConfiguration;
			buildSettings = {
				ALWAYS_SEARCH_USER_PATHS = NO;
				CLANG_ANALYZER_NONNULL = YES;
				CLANG_ANALYZER_NUMBER_OBJECT_CONVERSION = YES_AGGRESSIVE;
				CLANG_CXX_LANGUAGE_STANDARD = "gnu++14";
				CLANG_CXX_LIBRARY = "libc++";
				CLANG_ENABLE_MODULES = YES;
				CLANG_ENABLE_OBJC_ARC = YES;
				CLANG_ENABLE_OBJC_WEAK = YES;
				CLANG_WARN_BLOCK_CAPTURE_AUTORELEASING = YES;
				CLANG_WARN_BOOL_CONVERSION = YES;
				CLANG_WARN_COMMA = YES;
				CLANG_WARN_CONSTANT_CONVERSION = YES;
				CLANG_WARN_DEPRECATED_OBJC_IMPLEMENTATIONS = YES;
				CLANG_WARN_DIRECT_OBJC_ISA_USAGE = YES_ERROR;
				CLANG_WARN_DOCUMENTATION_COMMENTS = YES;
				CLANG_WARN_EMPTY_BODY = YES;
				CLANG_WARN_ENUM_CONVERSION = YES;
				CLANG_WARN_INFINITE_RECURSION = YES;
				CLANG_WARN_INT_CONVERSION = YES;
				CLANG_WARN_NON_LITERAL_NULL_CONVERSION = YES;
				CLANG_WARN_OBJC_IMPLICIT_RETAIN_SELF = YES;
				CLANG_WARN_OBJC_LITERAL_CONVERSION = YES;
				CLANG_WARN_OBJC_ROOT_CLASS = YES_ERROR;
				CLANG_WARN_QUOTED_INCLUDE_IN_FRAMEWORK_HEADER = YES;
				CLANG_WARN_RANGE_LOOP_ANALYSIS = YES;
				CLANG_WARN_STRICT_PROTOTYPES = YES;
				CLANG_WARN_SUSPICIOUS_MOVE = YES;
				CLANG_WARN_UNGUARDED_AVAILABILITY = YES_AGGRESSIVE;
				CLANG_WARN_UNREACHABLE_CODE = YES;
				CLANG_WARN__DUPLICATE_METHOD_MATCH = YES;
				COPY_PHASE_STRIP = NO;
				CURRENT_PROJECT_VERSION = 1;
				DEBUG_INFORMATION_FORMAT = dwarf;
				ENABLE_PREVIEWS = YES;
				ENABLE_STRICT_OBJC_MSGSEND = YES;
				ENABLE_TESTABILITY = YES;
				GCC_C_LANGUAGE_STANDARD = gnu11;
				GCC_DYNAMIC_NO_PIC = NO;
				GCC_NO_COMMON_BLOCKS = YES;
				GCC_OPTIMIZATION_LEVEL = 0;
				GCC_PREPROCESSOR_DEFINITIONS = (
					"$(inherited)",
					"DEBUG=1",
				);
				GCC_WARN_64_TO_32_BIT_CONVERSION = YES;
				GCC_WARN_ABOUT_RETURN_TYPE = YES_ERROR;
				GCC_WARN_UNDECLARED_SELECTOR = YES;
				GCC_WARN_UNINITIALIZED_AUTOS = YES_AGGRESSIVE;
				GCC_WARN_UNUSED_FUNCTION = YES;
				GCC_WARN_UNUSED_VARIABLE = YES;
				IPHONEOS_DEPLOYMENT_TARGET = 17.0;
				MARKETING_VERSION = 1.0.0;
				MTL_ENABLE_DEBUG_INFO = INCLUDE_SOURCE;
				MTL_FAST_MATH = YES;
				ONLY_ACTIVE_ARCH = YES;
				PRODUCT_NAME = "$(TARGET_NAME)";
				SDKROOT = iphoneos;
				SWIFT_ACTIVE_COMPILATION_CONDITIONS = DEBUG;
				SWIFT_OPTIMIZATION_LEVEL = "-Onone";
				SWIFT_VERSION = 5.9;
			};
			name = Debug;
		};
		2D2075CA2813758686875591 /* Release */ = {
			isa = XCBuildConfiguration;
			baseConfigurationReference = "TEMP_F44F9B6F-1871-460B-9780-EB59B67C5D3F" /* Signing.xcconfig */;
			buildSettings = {
				ASSETCATALOG_COMPILER_APPICON_NAME = AppIcon;
				CODE_SIGN_ENTITLEMENTS = OYBC/OYBC.entitlements;
				CODE_SIGN_IDENTITY = "Apple Development";
				CODE_SIGN_STYLE = Automatic;
				DEVELOPMENT_ASSET_PATHS = "";
				ENABLE_PREVIEWS = YES;
				GENERATE_INFOPLIST_FILE = YES;
				INFOPLIST_FILE = OYBC/Info.plist;
				INFOPLIST_KEY_UIApplicationSceneManifest_Generation = YES;
				INFOPLIST_KEY_UIApplicationSupportsIndirectInputEvents = YES;
				INFOPLIST_KEY_UILaunchScreen_Generation = YES;
				INFOPLIST_KEY_UISupportedInterfaceOrientations_iPad = "UIInterfaceOrientationPortrait UIInterfaceOrientationPortraitUpsideDown UIInterfaceOrientationLandscapeLeft UIInterfaceOrientationLandscapeRight";
				INFOPLIST_KEY_UISupportedInterfaceOrientations_iPhone = "UIInterfaceOrientationPortrait UIInterfaceOrientationLandscapeLeft UIInterfaceOrientationLandscapeRight";
				IPHONEOS_DEPLOYMENT_TARGET = 17.0;
				LD_RUNPATH_SEARCH_PATHS = (
					"$(inherited)",
					"@executable_path/Frameworks",
				);
				PRODUCT_BUNDLE_IDENTIFIER = com.oybc.OYBC;
				PRODUCT_NAME = "$(TARGET_NAME)";
				SDKROOT = iphoneos;
				SWIFT_EMIT_LOC_STRINGS = YES;
				SWIFT_VERSION = 5.9;
				TARGETED_DEVICE_FAMILY = "1,2";
			};
			name = Release;
		};
		55FB9DF8D7779190E0CB7049 /* Release */ = {
			isa = XCBuildConfiguration;
			buildSettings = {
				BUNDLE_LOADER = "$(TEST_HOST)";
				CODE_SIGN_STYLE = Automatic;
				GENERATE_INFOPLIST_FILE = YES;
				LD_RUNPATH_SEARCH_PATHS = (
					"$(inherited)",
					"@executable_path/Frameworks",
					"@loader_path/Frameworks",
				);
				PRODUCT_BUNDLE_IDENTIFIER = com.oybc.OYBCSnapshotTests;
				SDKROOT = iphoneos;
				TARGETED_DEVICE_FAMILY = "1,2";
				TEST_HOST = "$(BUILT_PRODUCTS_DIR)/OYBC.app/OYBC";
			};
			name = Release;
		};
		7E2172963CF577C36649F9BE /* Debug */ = {
			isa = XCBuildConfiguration;
			buildSettings = {
				BUNDLE_LOADER = "$(TEST_HOST)";
				CODE_SIGN_STYLE = Automatic;
				GENERATE_INFOPLIST_FILE = YES;
				LD_RUNPATH_SEARCH_PATHS = (
					"$(inherited)",
					"@executable_path/Frameworks",
					"@loader_path/Frameworks",
				);
				PRODUCT_BUNDLE_IDENTIFIER = com.oybc.OYBCSnapshotTests;
				SDKROOT = iphoneos;
				TARGETED_DEVICE_FAMILY = "1,2";
				TEST_HOST = "$(BUILT_PRODUCTS_DIR)/OYBC.app/OYBC";
			};
			name = Debug;
		};
		88D6CA728C120378414B96EB /* Release */ = {
			isa = XCBuildConfiguration;
			buildSettings = {
				BUNDLE_LOADER = "$(TEST_HOST)";
				CODE_SIGN_STYLE = Automatic;
				GENERATE_INFOPLIST_FILE = YES;
				LD_RUNPATH_SEARCH_PATHS = (
					"$(inherited)",
					"@executable_path/Frameworks",
					"@loader_path/Frameworks",
				);
				PRODUCT_BUNDLE_IDENTIFIER = com.oybc.OYBCTests;
				SDKROOT = iphoneos;
				TARGETED_DEVICE_FAMILY = "1,2";
				TEST_HOST = "$(BUILT_PRODUCTS_DIR)/OYBC.app/OYBC";
			};
			name = Release;
		};
		A78B2C92EA8E08487C3C9EA3 /* Debug */ = {
			isa = XCBuildConfiguration;
			buildSettings = {
				BUNDLE_LOADER = "$(TEST_HOST)";
				CODE_SIGN_STYLE = Automatic;
				GENERATE_INFOPLIST_FILE = YES;
				LD_RUNPATH_SEARCH_PATHS = (
					"$(inherited)",
					"@executable_path/Frameworks",
					"@loader_path/Frameworks",
				);
				PRODUCT_BUNDLE_IDENTIFIER = com.oybc.OYBCTests;
				SDKROOT = iphoneos;
				TARGETED_DEVICE_FAMILY = "1,2";
				TEST_HOST = "$(BUILT_PRODUCTS_DIR)/OYBC.app/OYBC";
			};
			name = Debug;
		};
		FA3A2B7F481A4A2A2E1B08DF /* Release */ = {
			isa = XCBuildConfiguration;
			buildSettings = {
				ALWAYS_SEARCH_USER_PATHS = NO;
				CLANG_ANALYZER_NONNULL = YES;
				CLANG_ANALYZER_NUMBER_OBJECT_CONVERSION = YES_AGGRESSIVE;
				CLANG_CXX_LANGUAGE_STANDARD = "gnu++14";
				CLANG_CXX_LIBRARY = "libc++";
				CLANG_ENABLE_MODULES = YES;
				CLANG_ENABLE_OBJC_ARC = YES;
				CLANG_ENABLE_OBJC_WEAK = YES;
				CLANG_WARN_BLOCK_CAPTURE_AUTORELEASING = YES;
				CLANG_WARN_BOOL_CONVERSION = YES;
				CLANG_WARN_COMMA = YES;
				CLANG_WARN_CONSTANT_CONVERSION = YES;
				CLANG_WARN_DEPRECATED_OBJC_IMPLEMENTATIONS = YES;
				CLANG_WARN_DIRECT_OBJC_ISA_USAGE = YES_ERROR;
				CLANG_WARN_DOCUMENTATION_COMMENTS = YES;
				CLANG_WARN_EMPTY_BODY = YES;
				CLANG_WARN_ENUM_CONVERSION = YES;
				CLANG_WARN_INFINITE_RECURSION = YES;
				CLANG_WARN_INT_CONVERSION = YES;
				CLANG_WARN_NON_LITERAL_NULL_CONVERSION = YES;
				CLANG_WARN_OBJC_IMPLICIT_RETAIN_SELF = YES;
				CLANG_WARN_OBJC_LITERAL_CONVERSION = YES;
				CLANG_WARN_OBJC_ROOT_CLASS = YES_ERROR;
				CLANG_WARN_QUOTED_INCLUDE_IN_FRAMEWORK_HEADER = YES;
				CLANG_WARN_RANGE_LOOP_ANALYSIS = YES;
				CLANG_WARN_STRICT_PROTOTYPES = YES;
				CLANG_WARN_SUSPICIOUS_MOVE = YES;
				CLANG_WARN_UNGUARDED_AVAILABILITY = YES_AGGRESSIVE;
				CLANG_WARN_UNREACHABLE_CODE = YES;
				CLANG_WARN__DUPLICATE_METHOD_MATCH = YES;
				COPY_PHASE_STRIP = NO;
				CURRENT_PROJECT_VERSION = 1;
				DEBUG_INFORMATION_FORMAT = "dwarf-with-dsym";
				ENABLE_NS_ASSERTIONS = NO;
				ENABLE_PREVIEWS = YES;
				ENABLE_STRICT_OBJC_MSGSEND = YES;
				GCC_C_LANGUAGE_STANDARD = gnu11;
				GCC_NO_COMMON_BLOCKS = YES;
				GCC_WARN_64_TO_32_BIT_CONVERSION = YES;
				GCC_WARN_ABOUT_RETURN_TYPE = YES_ERROR;
				GCC_WARN_UNDECLARED_SELECTOR = YES;
				GCC_WARN_UNINITIALIZED_AUTOS = YES_AGGRESSIVE;
				GCC_WARN_UNUSED_FUNCTION = YES;
				GCC_WARN_UNUSED_VARIABLE = YES;
				IPHONEOS_DEPLOYMENT_TARGET = 17.0;
				MARKETING_VERSION = 1.0.0;
				MTL_ENABLE_DEBUG_INFO = NO;
				MTL_FAST_MATH = YES;
				PRODUCT_NAME = "$(TARGET_NAME)";
				SDKROOT = iphoneos;
				SWIFT_COMPILATION_MODE = wholemodule;
				SWIFT_OPTIMIZATION_LEVEL = "-O";
				SWIFT_VERSION = 5.9;
			};
			name = Release;
		};
/* End XCBuildConfiguration section */

/* Begin XCConfigurationList section */
		7EA2820B863B586E30FF5D6C /* Build configuration list for PBXNativeTarget "OYBCTests" */ = {
			isa = XCConfigurationList;
			buildConfigurations = (
				A78B2C92EA8E08487C3C9EA3 /* Debug */,
				88D6CA728C120378414B96EB /* Release */,
			);
			defaultConfigurationIsVisible = 0;
			defaultConfigurationName = Debug;
		};
		8DF4FCDD089CB6AB6C9F28C4 /* Build configuration list for PBXNativeTarget "OYBC" */ = {
			isa = XCConfigurationList;
			buildConfigurations = (
				017A8B55D46C455027C5CBDA /* Debug */,
				2D2075CA2813758686875591 /* Release */,
			);
			defaultConfigurationIsVisible = 0;
			defaultConfigurationName = Debug;
		};
		91D7986995EC7993F56C2FD6 /* Build configuration list for PBXNativeTarget "OYBCSnapshotTests" */ = {
			isa = XCConfigurationList;
			buildConfigurations = (
				7E2172963CF577C36649F9BE /* Debug */,
				55FB9DF8D7779190E0CB7049 /* Release */,
			);
			defaultConfigurationIsVisible = 0;
			defaultConfigurationName = Debug;
		};
		D57E4A84D33E00E3AD508C4A /* Build configuration list for PBXProject "OYBC" */ = {
			isa = XCConfigurationList;
			buildConfigurations = (
				215EC22441C791B6AF332560 /* Debug */,
				FA3A2B7F481A4A2A2E1B08DF /* Release */,
			);
			defaultConfigurationIsVisible = 0;
			defaultConfigurationName = Debug;
		};
/* End XCConfigurationList section */

/* Begin XCRemoteSwiftPackageReference section */
		63C5754F3131857FB77E7F13 /* XCRemoteSwiftPackageReference "firebase-ios-sdk" */ = {
			isa = XCRemoteSwiftPackageReference;
			repositoryURL = "https://github.com/firebase/firebase-ios-sdk";
			requirement = {
				kind = upToNextMajorVersion;
				minimumVersion = 11.0.0;
			};
		};
		69220188CFBD1AD31E21CE70 /* XCRemoteSwiftPackageReference "swift-snapshot-testing" */ = {
			isa = XCRemoteSwiftPackageReference;
			repositoryURL = "https://github.com/pointfreeco/swift-snapshot-testing";
			requirement = {
				kind = upToNextMajorVersion;
				minimumVersion = 1.18.0;
			};
		};
		79E5F34F611D045523BAC683 /* XCRemoteSwiftPackageReference "GRDB.swift" */ = {
			isa = XCRemoteSwiftPackageReference;
			repositoryURL = "https://github.com/groue/GRDB.swift.git";
			requirement = {
				kind = upToNextMajorVersion;
				minimumVersion = 6.24.0;
			};
		};
		DD961413FF6BF06CD1601127 /* XCRemoteSwiftPackageReference "GoogleSignIn-iOS" */ = {
			isa = XCRemoteSwiftPackageReference;
			repositoryURL = "https://github.com/google/GoogleSignIn-iOS";
			requirement = {
				kind = upToNextMajorVersion;
				minimumVersion = 8.0.0;
			};
		};
/* End XCRemoteSwiftPackageReference section */

/* Begin XCSwiftPackageProductDependency section */
		63CE473C73B22D4EFDC81AED /* GoogleSignIn */ = {
			isa = XCSwiftPackageProductDependency;
			package = DD961413FF6BF06CD1601127 /* XCRemoteSwiftPackageReference "GoogleSignIn-iOS" */;
			productName = GoogleSignIn;
		};
		91A45F3247DF5222CFEC856D /* FirebaseFirestore */ = {
			isa = XCSwiftPackageProductDependency;
			package = 63C5754F3131857FB77E7F13 /* XCRemoteSwiftPackageReference "firebase-ios-sdk" */;
			productName = FirebaseFirestore;
		};
		C3BA9BA6F9A98F86FE90C42D /* SnapshotTesting */ = {
			isa = XCSwiftPackageProductDependency;
			package = 69220188CFBD1AD31E21CE70 /* XCRemoteSwiftPackageReference "swift-snapshot-testing" */;
			productName = SnapshotTesting;
		};
		C75445B6764BE3BD13B11782 /* FirebaseAuth */ = {
			isa = XCSwiftPackageProductDependency;
			package = 63C5754F3131857FB77E7F13 /* XCRemoteSwiftPackageReference "firebase-ios-sdk" */;
			productName = FirebaseAuth;
		};
		EDD4468E4592EA5DCFBBE66A /* GoogleSignInSwift */ = {
			isa = XCSwiftPackageProductDependency;
			package = DD961413FF6BF06CD1601127 /* XCRemoteSwiftPackageReference "GoogleSignIn-iOS" */;
			productName = GoogleSignInSwift;
		};
		FB60A2471061045431151B6B /* GRDB */ = {
			isa = XCSwiftPackageProductDependency;
			package = 79E5F34F611D045523BAC683 /* XCRemoteSwiftPackageReference "GRDB.swift" */;
			productName = GRDB;
		};
/* End XCSwiftPackageProductDependency section */
	};
	rootObject = FBB7EE1A8E71828D0A20F5BF /* Project object */;
}
